// !$*UTF8*$!
{
	archiveVersion = 1;
	classes = {
	};
	objectVersion = 56;
	objects = {

/* Begin PBXBuildFile section */
		A02811A82B0E100C00F93FD8 /* User.swift in Sources */ = {isa = PBXBuildFile; fileRef = A02811A72B0E100C00F93FD8 /* User.swift */; };
		A02811AA2B0E16BD00F93FD8 /* UserService.swift in Sources */ = {isa = PBXBuildFile; fileRef = A02811A92B0E16BD00F93FD8 /* UserService.swift */; };
		A02811AD2B0E1B0D00F93FD8 /* CurrentUserProfileViewModel.swift in Sources */ = {isa = PBXBuildFile; fileRef = A02811AC2B0E1B0D00F93FD8 /* CurrentUserProfileViewModel.swift */; };
		A02811B02B0E371F00F93FD8 /* ExploreViewModel.swift in Sources */ = {isa = PBXBuildFile; fileRef = A02811AF2B0E371F00F93FD8 /* ExploreViewModel.swift */; };
		A02811B22B0E442700F93FD8 /* PreviewProvider.swift in Sources */ = {isa = PBXBuildFile; fileRef = A02811B12B0E442700F93FD8 /* PreviewProvider.swift */; };
		A02811B62B0E526E00F93FD8 /* CurrentUserProfileView.swift in Sources */ = {isa = PBXBuildFile; fileRef = A02811B52B0E526E00F93FD8 /* CurrentUserProfileView.swift */; };
		A02BC9202B06523D009588C0 /* Threads_CloneApp.swift in Sources */ = {isa = PBXBuildFile; fileRef = A02BC91F2B06523D009588C0 /* Threads_CloneApp.swift */; };
		A02BC9222B06523D009588C0 /* ContentView.swift in Sources */ = {isa = PBXBuildFile; fileRef = A02BC9212B06523D009588C0 /* ContentView.swift */; };
		A02BC9242B06523F009588C0 /* Assets.xcassets in Resources */ = {isa = PBXBuildFile; fileRef = A02BC9232B06523F009588C0 /* Assets.xcassets */; };
		A02BC9272B06523F009588C0 /* Preview Assets.xcassets in Resources */ = {isa = PBXBuildFile; fileRef = A02BC9262B06523F009588C0 /* Preview Assets.xcassets */; };
		A02BC9392B0655F9009588C0 /* LoginView.swift in Sources */ = {isa = PBXBuildFile; fileRef = A02BC9382B0655F9009588C0 /* LoginView.swift */; };
		A02BC93B2B065F3C009588C0 /* RegistrationView.swift in Sources */ = {isa = PBXBuildFile; fileRef = A02BC93A2B065F3C009588C0 /* RegistrationView.swift */; };
		A02BC93E2B0663AD009588C0 /* TextFieldModifier.swift in Sources */ = {isa = PBXBuildFile; fileRef = A02BC93D2B0663AD009588C0 /* TextFieldModifier.swift */; };
		A02BC9402B067699009588C0 /* ButtonModifier.swift in Sources */ = {isa = PBXBuildFile; fileRef = A02BC93F2B067699009588C0 /* ButtonModifier.swift */; };
		A02BC9432B067BC6009588C0 /* ThreadsTabView.swift in Sources */ = {isa = PBXBuildFile; fileRef = A02BC9422B067BC6009588C0 /* ThreadsTabView.swift */; };
		A02BC9472B068B3E009588C0 /* FeedView.swift in Sources */ = {isa = PBXBuildFile; fileRef = A02BC9462B068B3E009588C0 /* FeedView.swift */; };
		A02BC94B2B068D3E009588C0 /* ExploreView.swift in Sources */ = {isa = PBXBuildFile; fileRef = A02BC94A2B068D3E009588C0 /* ExploreView.swift */; };
		A02BC94F2B068D80009588C0 /* NewThreadView.swift in Sources */ = {isa = PBXBuildFile; fileRef = A02BC94E2B068D80009588C0 /* NewThreadView.swift */; };
		A02BC9532B068DAD009588C0 /* ActivityView.swift in Sources */ = {isa = PBXBuildFile; fileRef = A02BC9522B068DAD009588C0 /* ActivityView.swift */; };
		A02BC9572B068E16009588C0 /* UserProfileView.swift in Sources */ = {isa = PBXBuildFile; fileRef = A02BC9562B068E16009588C0 /* UserProfileView.swift */; };
		A03DC4B02B06B94B00C2E069 /* ThreadCellView.swift in Sources */ = {isa = PBXBuildFile; fileRef = A03DC4AF2B06B94B00C2E069 /* ThreadCellView.swift */; };
		A03DC4B32B06CB0800C2E069 /* CircularUserProfileView.swift in Sources */ = {isa = PBXBuildFile; fileRef = A03DC4B22B06CB0800C2E069 /* CircularUserProfileView.swift */; };
		A03DC4B52B06CB8000C2E069 /* UserCellView.swift in Sources */ = {isa = PBXBuildFile; fileRef = A03DC4B42B06CB8000C2E069 /* UserCellView.swift */; };
		A0CDD2CD2B0BF3EB00B1E88A /* FirebaseAnalytics in Frameworks */ = {isa = PBXBuildFile; productRef = A0CDD2CC2B0BF3EB00B1E88A /* FirebaseAnalytics */; };
		A0CDD2CF2B0BF3EB00B1E88A /* FirebaseAnalyticsOnDeviceConversion in Frameworks */ = {isa = PBXBuildFile; productRef = A0CDD2CE2B0BF3EB00B1E88A /* FirebaseAnalyticsOnDeviceConversion */; };
		A0CDD2D12B0BF3EB00B1E88A /* FirebaseAnalyticsSwift in Frameworks */ = {isa = PBXBuildFile; productRef = A0CDD2D02B0BF3EB00B1E88A /* FirebaseAnalyticsSwift */; };
		A0CDD2D32B0BF3EB00B1E88A /* FirebaseAnalyticsWithoutAdIdSupport in Frameworks */ = {isa = PBXBuildFile; productRef = A0CDD2D22B0BF3EB00B1E88A /* FirebaseAnalyticsWithoutAdIdSupport */; };
		A0CDD2D52B0BF3EB00B1E88A /* FirebaseAppCheck in Frameworks */ = {isa = PBXBuildFile; productRef = A0CDD2D42B0BF3EB00B1E88A /* FirebaseAppCheck */; };
		A0CDD2D72B0BF3EB00B1E88A /* FirebaseAppDistribution-Beta in Frameworks */ = {isa = PBXBuildFile; productRef = A0CDD2D62B0BF3EB00B1E88A /* FirebaseAppDistribution-Beta */; };
		A0CDD2D92B0BF3EB00B1E88A /* FirebaseAuth in Frameworks */ = {isa = PBXBuildFile; productRef = A0CDD2D82B0BF3EB00B1E88A /* FirebaseAuth */; };
		A0CDD2DB2B0BF3EB00B1E88A /* FirebaseAuthCombine-Community in Frameworks */ = {isa = PBXBuildFile; productRef = A0CDD2DA2B0BF3EB00B1E88A /* FirebaseAuthCombine-Community */; };
		A0CDD2DD2B0BF3EB00B1E88A /* FirebaseCrashlytics in Frameworks */ = {isa = PBXBuildFile; productRef = A0CDD2DC2B0BF3EB00B1E88A /* FirebaseCrashlytics */; };
		A0CDD2DF2B0BF3EB00B1E88A /* FirebaseDatabase in Frameworks */ = {isa = PBXBuildFile; productRef = A0CDD2DE2B0BF3EB00B1E88A /* FirebaseDatabase */; };
		A0CDD2E12B0BF3EB00B1E88A /* FirebaseDatabaseSwift in Frameworks */ = {isa = PBXBuildFile; productRef = A0CDD2E02B0BF3EB00B1E88A /* FirebaseDatabaseSwift */; };
		A0CDD2E32B0BF3EB00B1E88A /* FirebaseDynamicLinks in Frameworks */ = {isa = PBXBuildFile; productRef = A0CDD2E22B0BF3EB00B1E88A /* FirebaseDynamicLinks */; };
		A0CDD2E52B0BF3EB00B1E88A /* FirebaseFirestore in Frameworks */ = {isa = PBXBuildFile; productRef = A0CDD2E42B0BF3EB00B1E88A /* FirebaseFirestore */; };
		A0CDD2E72B0BF3EB00B1E88A /* FirebaseFirestoreCombine-Community in Frameworks */ = {isa = PBXBuildFile; productRef = A0CDD2E62B0BF3EB00B1E88A /* FirebaseFirestoreCombine-Community */; };
		A0CDD2E92B0BF3EB00B1E88A /* FirebaseFirestoreSwift in Frameworks */ = {isa = PBXBuildFile; productRef = A0CDD2E82B0BF3EB00B1E88A /* FirebaseFirestoreSwift */; };
		A0CDD2EB2B0BF3EB00B1E88A /* FirebaseFunctions in Frameworks */ = {isa = PBXBuildFile; productRef = A0CDD2EA2B0BF3EB00B1E88A /* FirebaseFunctions */; };
		A0CDD2ED2B0BF3EB00B1E88A /* FirebaseFunctionsCombine-Community in Frameworks */ = {isa = PBXBuildFile; productRef = A0CDD2EC2B0BF3EB00B1E88A /* FirebaseFunctionsCombine-Community */; };
		A0CDD2EF2B0BF3EB00B1E88A /* FirebaseInAppMessaging-Beta in Frameworks */ = {isa = PBXBuildFile; productRef = A0CDD2EE2B0BF3EB00B1E88A /* FirebaseInAppMessaging-Beta */; };
		A0CDD2F12B0BF3EB00B1E88A /* FirebaseInAppMessagingSwift-Beta in Frameworks */ = {isa = PBXBuildFile; productRef = A0CDD2F02B0BF3EB00B1E88A /* FirebaseInAppMessagingSwift-Beta */; };
		A0CDD2F32B0BF3EB00B1E88A /* FirebaseInstallations in Frameworks */ = {isa = PBXBuildFile; productRef = A0CDD2F22B0BF3EB00B1E88A /* FirebaseInstallations */; };
		A0CDD2F52B0BF3EB00B1E88A /* FirebaseMLModelDownloader in Frameworks */ = {isa = PBXBuildFile; productRef = A0CDD2F42B0BF3EB00B1E88A /* FirebaseMLModelDownloader */; };
		A0CDD2F72B0BF3EB00B1E88A /* FirebaseMessaging in Frameworks */ = {isa = PBXBuildFile; productRef = A0CDD2F62B0BF3EB00B1E88A /* FirebaseMessaging */; };
		A0CDD2F92B0BF3EB00B1E88A /* FirebasePerformance in Frameworks */ = {isa = PBXBuildFile; productRef = A0CDD2F82B0BF3EB00B1E88A /* FirebasePerformance */; };
		A0CDD2FB2B0BF3EB00B1E88A /* FirebaseRemoteConfig in Frameworks */ = {isa = PBXBuildFile; productRef = A0CDD2FA2B0BF3EB00B1E88A /* FirebaseRemoteConfig */; };
		A0CDD2FD2B0BF3EB00B1E88A /* FirebaseRemoteConfigSwift in Frameworks */ = {isa = PBXBuildFile; productRef = A0CDD2FC2B0BF3EB00B1E88A /* FirebaseRemoteConfigSwift */; };
		A0CDD2FF2B0BF3EB00B1E88A /* FirebaseStorage in Frameworks */ = {isa = PBXBuildFile; productRef = A0CDD2FE2B0BF3EB00B1E88A /* FirebaseStorage */; };
		A0CDD3012B0BF3EB00B1E88A /* FirebaseStorageCombine-Community in Frameworks */ = {isa = PBXBuildFile; productRef = A0CDD3002B0BF3EB00B1E88A /* FirebaseStorageCombine-Community */; };
		A0E077DE2B0CD79D00C328B0 /* FirebaseAnalytics in Frameworks */ = {isa = PBXBuildFile; productRef = A0E077DD2B0CD79D00C328B0 /* FirebaseAnalytics */; };
		A0E077E02B0CD79D00C328B0 /* FirebaseAnalyticsOnDeviceConversion in Frameworks */ = {isa = PBXBuildFile; productRef = A0E077DF2B0CD79D00C328B0 /* FirebaseAnalyticsOnDeviceConversion */; };
		A0E077E22B0CD79D00C328B0 /* FirebaseAnalyticsSwift in Frameworks */ = {isa = PBXBuildFile; productRef = A0E077E12B0CD79D00C328B0 /* FirebaseAnalyticsSwift */; };
		A0E077E42B0CD79D00C328B0 /* FirebaseAnalyticsWithoutAdIdSupport in Frameworks */ = {isa = PBXBuildFile; productRef = A0E077E32B0CD79D00C328B0 /* FirebaseAnalyticsWithoutAdIdSupport */; };
		A0E077E62B0CD79D00C328B0 /* FirebaseAppCheck in Frameworks */ = {isa = PBXBuildFile; productRef = A0E077E52B0CD79D00C328B0 /* FirebaseAppCheck */; };
		A0E077E82B0CD79D00C328B0 /* FirebaseAppDistribution-Beta in Frameworks */ = {isa = PBXBuildFile; productRef = A0E077E72B0CD79D00C328B0 /* FirebaseAppDistribution-Beta */; };
		A0E077EA2B0CD79D00C328B0 /* FirebaseAuth in Frameworks */ = {isa = PBXBuildFile; productRef = A0E077E92B0CD79D00C328B0 /* FirebaseAuth */; };
		A0E077EC2B0CD79D00C328B0 /* FirebaseAuthCombine-Community in Frameworks */ = {isa = PBXBuildFile; productRef = A0E077EB2B0CD79D00C328B0 /* FirebaseAuthCombine-Community */; };
		A0E077EE2B0CD79D00C328B0 /* FirebaseCrashlytics in Frameworks */ = {isa = PBXBuildFile; productRef = A0E077ED2B0CD79D00C328B0 /* FirebaseCrashlytics */; };
		A0E077F02B0CD79D00C328B0 /* FirebaseDatabase in Frameworks */ = {isa = PBXBuildFile; productRef = A0E077EF2B0CD79D00C328B0 /* FirebaseDatabase */; };
		A0E077F22B0CD79D00C328B0 /* FirebaseDatabaseSwift in Frameworks */ = {isa = PBXBuildFile; productRef = A0E077F12B0CD79D00C328B0 /* FirebaseDatabaseSwift */; };
		A0E077F42B0CD79D00C328B0 /* FirebaseDynamicLinks in Frameworks */ = {isa = PBXBuildFile; productRef = A0E077F32B0CD79D00C328B0 /* FirebaseDynamicLinks */; };
		A0E077F62B0CD79D00C328B0 /* FirebaseFirestore in Frameworks */ = {isa = PBXBuildFile; productRef = A0E077F52B0CD79D00C328B0 /* FirebaseFirestore */; };
		A0E077F82B0CD79D00C328B0 /* FirebaseFirestoreCombine-Community in Frameworks */ = {isa = PBXBuildFile; productRef = A0E077F72B0CD79D00C328B0 /* FirebaseFirestoreCombine-Community */; };
		A0E077FA2B0CD79D00C328B0 /* FirebaseFirestoreSwift in Frameworks */ = {isa = PBXBuildFile; productRef = A0E077F92B0CD79D00C328B0 /* FirebaseFirestoreSwift */; };
		A0E077FC2B0CD79D00C328B0 /* FirebaseFunctions in Frameworks */ = {isa = PBXBuildFile; productRef = A0E077FB2B0CD79D00C328B0 /* FirebaseFunctions */; };
		A0E077FE2B0CD79D00C328B0 /* FirebaseFunctionsCombine-Community in Frameworks */ = {isa = PBXBuildFile; productRef = A0E077FD2B0CD79D00C328B0 /* FirebaseFunctionsCombine-Community */; };
		A0E078002B0CD79D00C328B0 /* FirebaseInAppMessaging-Beta in Frameworks */ = {isa = PBXBuildFile; productRef = A0E077FF2B0CD79D00C328B0 /* FirebaseInAppMessaging-Beta */; };
		A0E078022B0CD79D00C328B0 /* FirebaseInAppMessagingSwift-Beta in Frameworks */ = {isa = PBXBuildFile; productRef = A0E078012B0CD79D00C328B0 /* FirebaseInAppMessagingSwift-Beta */; };
		A0E078042B0CD79D00C328B0 /* FirebaseInstallations in Frameworks */ = {isa = PBXBuildFile; productRef = A0E078032B0CD79D00C328B0 /* FirebaseInstallations */; };
		A0E078062B0CD79D00C328B0 /* FirebaseMLModelDownloader in Frameworks */ = {isa = PBXBuildFile; productRef = A0E078052B0CD79D00C328B0 /* FirebaseMLModelDownloader */; };
		A0E078082B0CD79D00C328B0 /* FirebaseMessaging in Frameworks */ = {isa = PBXBuildFile; productRef = A0E078072B0CD79D00C328B0 /* FirebaseMessaging */; };
		A0E0780A2B0CD79D00C328B0 /* FirebasePerformance in Frameworks */ = {isa = PBXBuildFile; productRef = A0E078092B0CD79D00C328B0 /* FirebasePerformance */; };
		A0E0780C2B0CD79D00C328B0 /* FirebaseRemoteConfig in Frameworks */ = {isa = PBXBuildFile; productRef = A0E0780B2B0CD79D00C328B0 /* FirebaseRemoteConfig */; };
		A0E0780E2B0CD79D00C328B0 /* FirebaseRemoteConfigSwift in Frameworks */ = {isa = PBXBuildFile; productRef = A0E0780D2B0CD79D00C328B0 /* FirebaseRemoteConfigSwift */; };
		A0E078102B0CD79D00C328B0 /* FirebaseStorage in Frameworks */ = {isa = PBXBuildFile; productRef = A0E0780F2B0CD79D00C328B0 /* FirebaseStorage */; };
		A0E078122B0CD79D00C328B0 /* FirebaseStorageCombine-Community in Frameworks */ = {isa = PBXBuildFile; productRef = A0E078112B0CD79D00C328B0 /* FirebaseStorageCombine-Community */; };
		A0E078162B0CD90D00C328B0 /* GoogleService-Info.plist in Resources */ = {isa = PBXBuildFile; fileRef = A0E078152B0CD90D00C328B0 /* GoogleService-Info.plist */; };
		A0E0781A2B0D3A8C00C328B0 /* ContentViewModel.swift in Sources */ = {isa = PBXBuildFile; fileRef = A0E078192B0D3A8C00C328B0 /* ContentViewModel.swift */; };
		A0E0781C2B0D426500C328B0 /* LoginViewModel.swift in Sources */ = {isa = PBXBuildFile; fileRef = A0E0781B2B0D426500C328B0 /* LoginViewModel.swift */; };
		A0F4F7692B0E62460037E511 /* ProfileHeaderView.swift in Sources */ = {isa = PBXBuildFile; fileRef = A0F4F7682B0E62460037E511 /* ProfileHeaderView.swift */; };
		A0F4F76B2B0E659D0037E511 /* UserContentListView.swift in Sources */ = {isa = PBXBuildFile; fileRef = A0F4F76A2B0E659D0037E511 /* UserContentListView.swift */; };
		A0F514B52B0BA33200F1C0DE /* EditProfileView.swift in Sources */ = {isa = PBXBuildFile; fileRef = A0F514B42B0BA33200F1C0DE /* EditProfileView.swift */; };
		A0F514C62B0BEDD500F1C0DE /* RegistrationViewModel.swift in Sources */ = {isa = PBXBuildFile; fileRef = A0F514C52B0BEDD500F1C0DE /* RegistrationViewModel.swift */; };
		A0F514C82B0BEF2700F1C0DE /* AuthService.swift in Sources */ = {isa = PBXBuildFile; fileRef = A0F514C72B0BEF2700F1C0DE /* AuthService.swift */; };
		A0FE19E92B0AA48400D690E1 /* ProfileThreadFilter.swift in Sources */ = {isa = PBXBuildFile; fileRef = A0FE19E82B0AA48400D690E1 /* ProfileThreadFilter.swift */; };
/* End PBXBuildFile section */

/* Begin PBXFileReference section */
		A02811A72B0E100C00F93FD8 /* User.swift */ = {isa = PBXFileReference; lastKnownFileType = sourcecode.swift; path = User.swift; sourceTree = "<group>"; };
		A02811A92B0E16BD00F93FD8 /* UserService.swift */ = {isa = PBXFileReference; lastKnownFileType = sourcecode.swift; path = UserService.swift; sourceTree = "<group>"; };
		A02811AC2B0E1B0D00F93FD8 /* CurrentUserProfileViewModel.swift */ = {isa = PBXFileReference; lastKnownFileType = sourcecode.swift; path = CurrentUserProfileViewModel.swift; sourceTree = "<group>"; };
		A02811AF2B0E371F00F93FD8 /* ExploreViewModel.swift */ = {isa = PBXFileReference; lastKnownFileType = sourcecode.swift; path = ExploreViewModel.swift; sourceTree = "<group>"; };
		A02811B12B0E442700F93FD8 /* PreviewProvider.swift */ = {isa = PBXFileReference; lastKnownFileType = sourcecode.swift; path = PreviewProvider.swift; sourceTree = "<group>"; };
		A02811B52B0E526E00F93FD8 /* CurrentUserProfileView.swift */ = {isa = PBXFileReference; lastKnownFileType = sourcecode.swift; path = CurrentUserProfileView.swift; sourceTree = "<group>"; };
		A02BC91C2B06523D009588C0 /* Threads-Clone.app */ = {isa = PBXFileReference; explicitFileType = wrapper.application; includeInIndex = 0; path = "Threads-Clone.app"; sourceTree = BUILT_PRODUCTS_DIR; };
		A02BC91F2B06523D009588C0 /* Threads_CloneApp.swift */ = {isa = PBXFileReference; lastKnownFileType = sourcecode.swift; path = Threads_CloneApp.swift; sourceTree = "<group>"; };
		A02BC9212B06523D009588C0 /* ContentView.swift */ = {isa = PBXFileReference; lastKnownFileType = sourcecode.swift; path = ContentView.swift; sourceTree = "<group>"; };
		A02BC9232B06523F009588C0 /* Assets.xcassets */ = {isa = PBXFileReference; lastKnownFileType = folder.assetcatalog; path = Assets.xcassets; sourceTree = "<group>"; };
		A02BC9262B06523F009588C0 /* Preview Assets.xcassets */ = {isa = PBXFileReference; lastKnownFileType = folder.assetcatalog; path = "Preview Assets.xcassets"; sourceTree = "<group>"; };
		A02BC9382B0655F9009588C0 /* LoginView.swift */ = {isa = PBXFileReference; lastKnownFileType = sourcecode.swift; path = LoginView.swift; sourceTree = "<group>"; };
		A02BC93A2B065F3C009588C0 /* RegistrationView.swift */ = {isa = PBXFileReference; lastKnownFileType = sourcecode.swift; path = RegistrationView.swift; sourceTree = "<group>"; };
		A02BC93D2B0663AD009588C0 /* TextFieldModifier.swift */ = {isa = PBXFileReference; lastKnownFileType = sourcecode.swift; path = TextFieldModifier.swift; sourceTree = "<group>"; };
		A02BC93F2B067699009588C0 /* ButtonModifier.swift */ = {isa = PBXFileReference; lastKnownFileType = sourcecode.swift; path = ButtonModifier.swift; sourceTree = "<group>"; };
		A02BC9422B067BC6009588C0 /* ThreadsTabView.swift */ = {isa = PBXFileReference; lastKnownFileType = sourcecode.swift; path = ThreadsTabView.swift; sourceTree = "<group>"; };
		A02BC9462B068B3E009588C0 /* FeedView.swift */ = {isa = PBXFileReference; lastKnownFileType = sourcecode.swift; path = FeedView.swift; sourceTree = "<group>"; };
		A02BC94A2B068D3E009588C0 /* ExploreView.swift */ = {isa = PBXFileReference; lastKnownFileType = sourcecode.swift; path = ExploreView.swift; sourceTree = "<group>"; };
		A02BC94E2B068D80009588C0 /* NewThreadView.swift */ = {isa = PBXFileReference; lastKnownFileType = sourcecode.swift; path = NewThreadView.swift; sourceTree = "<group>"; };
		A02BC9522B068DAD009588C0 /* ActivityView.swift */ = {isa = PBXFileReference; lastKnownFileType = sourcecode.swift; path = ActivityView.swift; sourceTree = "<group>"; };
		A02BC9562B068E16009588C0 /* UserProfileView.swift */ = {isa = PBXFileReference; lastKnownFileType = sourcecode.swift; path = UserProfileView.swift; sourceTree = "<group>"; };
		A03DC4AF2B06B94B00C2E069 /* ThreadCellView.swift */ = {isa = PBXFileReference; lastKnownFileType = sourcecode.swift; path = ThreadCellView.swift; sourceTree = "<group>"; };
		A03DC4B22B06CB0800C2E069 /* CircularUserProfileView.swift */ = {isa = PBXFileReference; lastKnownFileType = sourcecode.swift; path = CircularUserProfileView.swift; sourceTree = "<group>"; };
		A03DC4B42B06CB8000C2E069 /* UserCellView.swift */ = {isa = PBXFileReference; lastKnownFileType = sourcecode.swift; path = UserCellView.swift; sourceTree = "<group>"; };
		A0E078152B0CD90D00C328B0 /* GoogleService-Info.plist */ = {isa = PBXFileReference; fileEncoding = 4; lastKnownFileType = text.plist.xml; path = "GoogleService-Info.plist"; sourceTree = "<group>"; };
		A0E078192B0D3A8C00C328B0 /* ContentViewModel.swift */ = {isa = PBXFileReference; lastKnownFileType = sourcecode.swift; path = ContentViewModel.swift; sourceTree = "<group>"; };
		A0E0781B2B0D426500C328B0 /* LoginViewModel.swift */ = {isa = PBXFileReference; lastKnownFileType = sourcecode.swift; path = LoginViewModel.swift; sourceTree = "<group>"; };
		A0F4F7682B0E62460037E511 /* ProfileHeaderView.swift */ = {isa = PBXFileReference; lastKnownFileType = sourcecode.swift; path = ProfileHeaderView.swift; sourceTree = "<group>"; };
		A0F4F76A2B0E659D0037E511 /* UserContentListView.swift */ = {isa = PBXFileReference; lastKnownFileType = sourcecode.swift; path = UserContentListView.swift; sourceTree = "<group>"; };
		A0F514B42B0BA33200F1C0DE /* EditProfileView.swift */ = {isa = PBXFileReference; lastKnownFileType = sourcecode.swift; path = EditProfileView.swift; sourceTree = "<group>"; };
		A0F514C52B0BEDD500F1C0DE /* RegistrationViewModel.swift */ = {isa = PBXFileReference; lastKnownFileType = sourcecode.swift; path = RegistrationViewModel.swift; sourceTree = "<group>"; };
		A0F514C72B0BEF2700F1C0DE /* AuthService.swift */ = {isa = PBXFileReference; lastKnownFileType = sourcecode.swift; path = AuthService.swift; sourceTree = "<group>"; };
		A0FE19E82B0AA48400D690E1 /* ProfileThreadFilter.swift */ = {isa = PBXFileReference; lastKnownFileType = sourcecode.swift; path = ProfileThreadFilter.swift; sourceTree = "<group>"; };
/* End PBXFileReference section */

/* Begin PBXFrameworksBuildPhase section */
		A02BC9192B06523D009588C0 /* Frameworks */ = {
			isa = PBXFrameworksBuildPhase;
			buildActionMask = 2147483647;
			files = (
				A0CDD2F72B0BF3EB00B1E88A /* FirebaseMessaging in Frameworks */,
				A0CDD2E72B0BF3EB00B1E88A /* FirebaseFirestoreCombine-Community in Frameworks */,
				A0CDD2DF2B0BF3EB00B1E88A /* FirebaseDatabase in Frameworks */,
				A0E078062B0CD79D00C328B0 /* FirebaseMLModelDownloader in Frameworks */,
				A0CDD2FF2B0BF3EB00B1E88A /* FirebaseStorage in Frameworks */,
				A0E078022B0CD79D00C328B0 /* FirebaseInAppMessagingSwift-Beta in Frameworks */,
				A0CDD2CD2B0BF3EB00B1E88A /* FirebaseAnalytics in Frameworks */,
				A0CDD2DD2B0BF3EB00B1E88A /* FirebaseCrashlytics in Frameworks */,
				A0CDD2E52B0BF3EB00B1E88A /* FirebaseFirestore in Frameworks */,
				A0CDD2E32B0BF3EB00B1E88A /* FirebaseDynamicLinks in Frameworks */,
				A0CDD3012B0BF3EB00B1E88A /* FirebaseStorageCombine-Community in Frameworks */,
				A0CDD2CF2B0BF3EB00B1E88A /* FirebaseAnalyticsOnDeviceConversion in Frameworks */,
				A0E078042B0CD79D00C328B0 /* FirebaseInstallations in Frameworks */,
				A0CDD2ED2B0BF3EB00B1E88A /* FirebaseFunctionsCombine-Community in Frameworks */,
				A0CDD2F12B0BF3EB00B1E88A /* FirebaseInAppMessagingSwift-Beta in Frameworks */,
				A0CDD2F52B0BF3EB00B1E88A /* FirebaseMLModelDownloader in Frameworks */,
				A0E078122B0CD79D00C328B0 /* FirebaseStorageCombine-Community in Frameworks */,
				A0E077F62B0CD79D00C328B0 /* FirebaseFirestore in Frameworks */,
				A0E077E02B0CD79D00C328B0 /* FirebaseAnalyticsOnDeviceConversion in Frameworks */,
				A0CDD2EF2B0BF3EB00B1E88A /* FirebaseInAppMessaging-Beta in Frameworks */,
				A0E077DE2B0CD79D00C328B0 /* FirebaseAnalytics in Frameworks */,
				A0E077FA2B0CD79D00C328B0 /* FirebaseFirestoreSwift in Frameworks */,
				A0E0780C2B0CD79D00C328B0 /* FirebaseRemoteConfig in Frameworks */,
				A0E077E62B0CD79D00C328B0 /* FirebaseAppCheck in Frameworks */,
				A0E077E42B0CD79D00C328B0 /* FirebaseAnalyticsWithoutAdIdSupport in Frameworks */,
				A0E078102B0CD79D00C328B0 /* FirebaseStorage in Frameworks */,
				A0CDD2F92B0BF3EB00B1E88A /* FirebasePerformance in Frameworks */,
				A0E0780E2B0CD79D00C328B0 /* FirebaseRemoteConfigSwift in Frameworks */,
				A0E077EC2B0CD79D00C328B0 /* FirebaseAuthCombine-Community in Frameworks */,
				A0E077EA2B0CD79D00C328B0 /* FirebaseAuth in Frameworks */,
				A0CDD2DB2B0BF3EB00B1E88A /* FirebaseAuthCombine-Community in Frameworks */,
				A0E077E82B0CD79D00C328B0 /* FirebaseAppDistribution-Beta in Frameworks */,
				A0CDD2D12B0BF3EB00B1E88A /* FirebaseAnalyticsSwift in Frameworks */,
				A0CDD2E12B0BF3EB00B1E88A /* FirebaseDatabaseSwift in Frameworks */,
				A0CDD2FB2B0BF3EB00B1E88A /* FirebaseRemoteConfig in Frameworks */,
				A0CDD2D92B0BF3EB00B1E88A /* FirebaseAuth in Frameworks */,
				A0E078002B0CD79D00C328B0 /* FirebaseInAppMessaging-Beta in Frameworks */,
				A0CDD2EB2B0BF3EB00B1E88A /* FirebaseFunctions in Frameworks */,
				A0CDD2F32B0BF3EB00B1E88A /* FirebaseInstallations in Frameworks */,
				A0E077FE2B0CD79D00C328B0 /* FirebaseFunctionsCombine-Community in Frameworks */,
				A0E077F02B0CD79D00C328B0 /* FirebaseDatabase in Frameworks */,
				A0E078082B0CD79D00C328B0 /* FirebaseMessaging in Frameworks */,
				A0E077E22B0CD79D00C328B0 /* FirebaseAnalyticsSwift in Frameworks */,
				A0E077FC2B0CD79D00C328B0 /* FirebaseFunctions in Frameworks */,
				A0CDD2E92B0BF3EB00B1E88A /* FirebaseFirestoreSwift in Frameworks */,
				A0E077F22B0CD79D00C328B0 /* FirebaseDatabaseSwift in Frameworks */,
				A0E0780A2B0CD79D00C328B0 /* FirebasePerformance in Frameworks */,
				A0CDD2D32B0BF3EB00B1E88A /* FirebaseAnalyticsWithoutAdIdSupport in Frameworks */,
				A0CDD2D52B0BF3EB00B1E88A /* FirebaseAppCheck in Frameworks */,
				A0E077EE2B0CD79D00C328B0 /* FirebaseCrashlytics in Frameworks */,
				A0CDD2FD2B0BF3EB00B1E88A /* FirebaseRemoteConfigSwift in Frameworks */,
				A0CDD2D72B0BF3EB00B1E88A /* FirebaseAppDistribution-Beta in Frameworks */,
				A0E077F82B0CD79D00C328B0 /* FirebaseFirestoreCombine-Community in Frameworks */,
				A0E077F42B0CD79D00C328B0 /* FirebaseDynamicLinks in Frameworks */,
			);
			runOnlyForDeploymentPostprocessing = 0;
		};
/* End PBXFrameworksBuildPhase section */

/* Begin PBXGroup section */
		A02811AE2B0E36F400F93FD8 /* ViewModel */ = {
			isa = PBXGroup;
			children = (
				A02811AF2B0E371F00F93FD8 /* ExploreViewModel.swift */,
			);
			path = ViewModel;
			sourceTree = "<group>";
		};
		A02811B32B0E525000F93FD8 /* CurrentUserProfile */ = {
			isa = PBXGroup;
			children = (
				A02811B42B0E525C00F93FD8 /* View */,
				A02811B72B0E5C0800F93FD8 /* ViewModel */,
			);
			path = CurrentUserProfile;
			sourceTree = "<group>";
		};
		A02811B42B0E525C00F93FD8 /* View */ = {
			isa = PBXGroup;
			children = (
				A02811B52B0E526E00F93FD8 /* CurrentUserProfileView.swift */,
			);
			path = View;
			sourceTree = "<group>";
		};
		A02811B72B0E5C0800F93FD8 /* ViewModel */ = {
			isa = PBXGroup;
			children = (
				A02811AC2B0E1B0D00F93FD8 /* CurrentUserProfileViewModel.swift */,
			);
			path = ViewModel;
			sourceTree = "<group>";
		};
		A02BC9132B06523D009588C0 = {
			isa = PBXGroup;
			children = (
				A02BC91E2B06523D009588C0 /* Threads-Clone */,
				A0E078152B0CD90D00C328B0 /* GoogleService-Info.plist */,
				A02BC91D2B06523D009588C0 /* Products */,
			);
			sourceTree = "<group>";
		};
		A02BC91D2B06523D009588C0 /* Products */ = {
			isa = PBXGroup;
			children = (
				A02BC91C2B06523D009588C0 /* Threads-Clone.app */,
			);
			name = Products;
			sourceTree = "<group>";
		};
		A02BC91E2B06523D009588C0 /* Threads-Clone */ = {
			isa = PBXGroup;
			children = (
				A02BC9342B0652A5009588C0 /* App */,
				A02BC9332B0652A3009588C0 /* Core */,
				A02BC9322B0652A2009588C0 /* Extensions */,
				A02BC9312B06529F009588C0 /* Model */,
				A02BC92E2B065294009588C0 /* Services */,
				A02BC92D2B065293009588C0 /* Utils */,
				A02BC9232B06523F009588C0 /* Assets.xcassets */,
				A02BC9252B06523F009588C0 /* Preview Content */,
			);
			path = "Threads-Clone";
			sourceTree = "<group>";
		};
		A02BC9252B06523F009588C0 /* Preview Content */ = {
			isa = PBXGroup;
			children = (
				A02BC9262B06523F009588C0 /* Preview Assets.xcassets */,
			);
			path = "Preview Content";
			sourceTree = "<group>";
		};
		A02BC92D2B065293009588C0 /* Utils */ = {
			isa = PBXGroup;
			children = (
				A02BC93C2B066382009588C0 /* ViewMofiers */,
			);
			path = Utils;
			sourceTree = "<group>";
		};
		A02BC92E2B065294009588C0 /* Services */ = {
			isa = PBXGroup;
			children = (
				A02811A92B0E16BD00F93FD8 /* UserService.swift */,
			);
			path = Services;
			sourceTree = "<group>";
		};
		A02BC9312B06529F009588C0 /* Model */ = {
			isa = PBXGroup;
			children = (
				A02811A72B0E100C00F93FD8 /* User.swift */,
			);
			path = Model;
			sourceTree = "<group>";
		};
		A02BC9322B0652A2009588C0 /* Extensions */ = {
			isa = PBXGroup;
			children = (
				A02811B12B0E442700F93FD8 /* PreviewProvider.swift */,
			);
			path = Extensions;
			sourceTree = "<group>";
		};
		A02BC9332B0652A3009588C0 /* Core */ = {
			isa = PBXGroup;
			children = (
				A02BC9502B068D9D009588C0 /* Activity */,
				A02BC9362B0655CA009588C0 /* Authentication */,
				A03DC4B12B06CA7900C2E069 /* Components */,
				A02BC9482B068D21009588C0 /* Explore */,
				A02BC9442B068B26009588C0 /* Feed */,
				A02BC9352B0655C8009588C0 /* Root */,
				A02BC9412B067B8E009588C0 /* TabBar */,
				A02BC94C2B068D61009588C0 /* ThreadCreation */,
				A02BC9542B068DFF009588C0 /* Profiles */,
			);
			path = Core;
			sourceTree = "<group>";
		};
		A02BC9342B0652A5009588C0 /* App */ = {
			isa = PBXGroup;
			children = (
				A02BC91F2B06523D009588C0 /* Threads_CloneApp.swift */,
			);
			path = App;
			sourceTree = "<group>";
		};
		A02BC9352B0655C8009588C0 /* Root */ = {
			isa = PBXGroup;
			children = (
				A0E078172B0D3A5700C328B0 /* View */,
				A0E078182B0D3A5C00C328B0 /* ViewModel */,
			);
			path = Root;
			sourceTree = "<group>";
		};
		A02BC9362B0655CA009588C0 /* Authentication */ = {
			isa = PBXGroup;
			children = (
				A0F514C42B0BED8400F1C0DE /* Service */,
				A0F514C32B0BED7B00F1C0DE /* ViewModel */,
				A02BC9372B0655DC009588C0 /* Views */,
			);
			path = Authentication;
			sourceTree = "<group>";
		};
		A02BC9372B0655DC009588C0 /* Views */ = {
			isa = PBXGroup;
			children = (
				A02BC9382B0655F9009588C0 /* LoginView.swift */,
				A02BC93A2B065F3C009588C0 /* RegistrationView.swift */,
			);
			path = Views;
			sourceTree = "<group>";
		};
		A02BC93C2B066382009588C0 /* ViewMofiers */ = {
			isa = PBXGroup;
			children = (
				A02BC93D2B0663AD009588C0 /* TextFieldModifier.swift */,
				A02BC93F2B067699009588C0 /* ButtonModifier.swift */,
			);
			path = ViewMofiers;
			sourceTree = "<group>";
		};
		A02BC9412B067B8E009588C0 /* TabBar */ = {
			isa = PBXGroup;
			children = (
				A02BC9422B067BC6009588C0 /* ThreadsTabView.swift */,
			);
			path = TabBar;
			sourceTree = "<group>";
		};
		A02BC9442B068B26009588C0 /* Feed */ = {
			isa = PBXGroup;
			children = (
				A02BC9452B068B2E009588C0 /* View */,
			);
			path = Feed;
			sourceTree = "<group>";
		};
		A02BC9452B068B2E009588C0 /* View */ = {
			isa = PBXGroup;
			children = (
				A02BC9462B068B3E009588C0 /* FeedView.swift */,
				A03DC4AF2B06B94B00C2E069 /* ThreadCellView.swift */,
			);
			path = View;
			sourceTree = "<group>";
		};
		A02BC9482B068D21009588C0 /* Explore */ = {
			isa = PBXGroup;
			children = (
				A02BC9492B068D2A009588C0 /* View */,
				A02811AE2B0E36F400F93FD8 /* ViewModel */,
			);
			path = Explore;
			sourceTree = "<group>";
		};
		A02BC9492B068D2A009588C0 /* View */ = {
			isa = PBXGroup;
			children = (
				A02BC94A2B068D3E009588C0 /* ExploreView.swift */,
			);
			path = View;
			sourceTree = "<group>";
		};
		A02BC94C2B068D61009588C0 /* ThreadCreation */ = {
			isa = PBXGroup;
			children = (
				A02BC94D2B068D71009588C0 /* View */,
			);
			path = ThreadCreation;
			sourceTree = "<group>";
		};
		A02BC94D2B068D71009588C0 /* View */ = {
			isa = PBXGroup;
			children = (
				A02BC94E2B068D80009588C0 /* NewThreadView.swift */,
			);
			path = View;
			sourceTree = "<group>";
		};
		A02BC9502B068D9D009588C0 /* Activity */ = {
			isa = PBXGroup;
			children = (
				A02BC9512B068DA3009588C0 /* View */,
			);
			path = Activity;
			sourceTree = "<group>";
		};
		A02BC9512B068DA3009588C0 /* View */ = {
			isa = PBXGroup;
			children = (
				A02BC9522B068DAD009588C0 /* ActivityView.swift */,
			);
			path = View;
			sourceTree = "<group>";
		};
		A02BC9542B068DFF009588C0 /* Profiles */ = {
			isa = PBXGroup;
			children = (
				A0F4F7672B0E62300037E511 /* Components */,
				A02811B32B0E525000F93FD8 /* CurrentUserProfile */,
				A0F514B22B0BA31200F1C0DE /* EditProfile */,
				A0FE19E72B0AA44200D690E1 /* Model */,
				A02BC9552B068E0A009588C0 /* UserProfile */,
			);
			path = Profiles;
			sourceTree = "<group>";
		};
		A02BC9552B068E0A009588C0 /* UserProfile */ = {
			isa = PBXGroup;
			children = (
				A02BC9562B068E16009588C0 /* UserProfileView.swift */,
			);
			path = UserProfile;
			sourceTree = "<group>";
		};
		A03DC4B12B06CA7900C2E069 /* Components */ = {
			isa = PBXGroup;
			children = (
				A03DC4B22B06CB0800C2E069 /* CircularUserProfileView.swift */,
				A03DC4B42B06CB8000C2E069 /* UserCellView.swift */,
			);
			path = Components;
			sourceTree = "<group>";
		};
		A0E078172B0D3A5700C328B0 /* View */ = {
			isa = PBXGroup;
			children = (
				A02BC9212B06523D009588C0 /* ContentView.swift */,
			);
			path = View;
			sourceTree = "<group>";
		};
		A0E078182B0D3A5C00C328B0 /* ViewModel */ = {
			isa = PBXGroup;
			children = (
				A0E078192B0D3A8C00C328B0 /* ContentViewModel.swift */,
			);
			path = ViewModel;
			sourceTree = "<group>";
		};
		A0F4F7672B0E62300037E511 /* Components */ = {
			isa = PBXGroup;
			children = (
				A0F4F7682B0E62460037E511 /* ProfileHeaderView.swift */,
				A0F4F76A2B0E659D0037E511 /* UserContentListView.swift */,
			);
			path = Components;
			sourceTree = "<group>";
		};
		A0F514B22B0BA31200F1C0DE /* EditProfile */ = {
			isa = PBXGroup;
			children = (
				A0F514B32B0BA32000F1C0DE /* Views */,
			);
			path = EditProfile;
			sourceTree = "<group>";
		};
		A0F514B32B0BA32000F1C0DE /* Views */ = {
			isa = PBXGroup;
			children = (
				A0F514B42B0BA33200F1C0DE /* EditProfileView.swift */,
			);
			path = Views;
			sourceTree = "<group>";
		};
		A0F514C32B0BED7B00F1C0DE /* ViewModel */ = {
			isa = PBXGroup;
			children = (
				A0F514C52B0BEDD500F1C0DE /* RegistrationViewModel.swift */,
				A0E0781B2B0D426500C328B0 /* LoginViewModel.swift */,
			);
			path = ViewModel;
			sourceTree = "<group>";
		};
		A0F514C42B0BED8400F1C0DE /* Service */ = {
			isa = PBXGroup;
			children = (
				A0F514C72B0BEF2700F1C0DE /* AuthService.swift */,
			);
			path = Service;
			sourceTree = "<group>";
		};
		A0FE19E72B0AA44200D690E1 /* Model */ = {
			isa = PBXGroup;
			children = (
				A0FE19E82B0AA48400D690E1 /* ProfileThreadFilter.swift */,
			);
			path = Model;
			sourceTree = "<group>";
		};
/* End PBXGroup section */

/* Begin PBXNativeTarget section */
		A02BC91B2B06523D009588C0 /* Threads-Clone */ = {
			isa = PBXNativeTarget;
			buildConfigurationList = A02BC92A2B06523F009588C0 /* Build configuration list for PBXNativeTarget "Threads-Clone" */;
			buildPhases = (
				A02BC9182B06523D009588C0 /* Sources */,
				A02BC9192B06523D009588C0 /* Frameworks */,
				A02BC91A2B06523D009588C0 /* Resources */,
			);
			buildRules = (
			);
			dependencies = (
			);
			name = "Threads-Clone";
			packageProductDependencies = (
				A0CDD2CC2B0BF3EB00B1E88A /* FirebaseAnalytics */,
				A0CDD2CE2B0BF3EB00B1E88A /* FirebaseAnalyticsOnDeviceConversion */,
				A0CDD2D02B0BF3EB00B1E88A /* FirebaseAnalyticsSwift */,
				A0CDD2D22B0BF3EB00B1E88A /* FirebaseAnalyticsWithoutAdIdSupport */,
				A0CDD2D42B0BF3EB00B1E88A /* FirebaseAppCheck */,
				A0CDD2D62B0BF3EB00B1E88A /* FirebaseAppDistribution-Beta */,
				A0CDD2D82B0BF3EB00B1E88A /* FirebaseAuth */,
				A0CDD2DA2B0BF3EB00B1E88A /* FirebaseAuthCombine-Community */,
				A0CDD2DC2B0BF3EB00B1E88A /* FirebaseCrashlytics */,
				A0CDD2DE2B0BF3EB00B1E88A /* FirebaseDatabase */,
				A0CDD2E02B0BF3EB00B1E88A /* FirebaseDatabaseSwift */,
				A0CDD2E22B0BF3EB00B1E88A /* FirebaseDynamicLinks */,
				A0CDD2E42B0BF3EB00B1E88A /* FirebaseFirestore */,
				A0CDD2E62B0BF3EB00B1E88A /* FirebaseFirestoreCombine-Community */,
				A0CDD2E82B0BF3EB00B1E88A /* FirebaseFirestoreSwift */,
				A0CDD2EA2B0BF3EB00B1E88A /* FirebaseFunctions */,
				A0CDD2EC2B0BF3EB00B1E88A /* FirebaseFunctionsCombine-Community */,
				A0CDD2EE2B0BF3EB00B1E88A /* FirebaseInAppMessaging-Beta */,
				A0CDD2F02B0BF3EB00B1E88A /* FirebaseInAppMessagingSwift-Beta */,
				A0CDD2F22B0BF3EB00B1E88A /* FirebaseInstallations */,
				A0CDD2F42B0BF3EB00B1E88A /* FirebaseMLModelDownloader */,
				A0CDD2F62B0BF3EB00B1E88A /* FirebaseMessaging */,
				A0CDD2F82B0BF3EB00B1E88A /* FirebasePerformance */,
				A0CDD2FA2B0BF3EB00B1E88A /* FirebaseRemoteConfig */,
				A0CDD2FC2B0BF3EB00B1E88A /* FirebaseRemoteConfigSwift */,
				A0CDD2FE2B0BF3EB00B1E88A /* FirebaseStorage */,
				A0CDD3002B0BF3EB00B1E88A /* FirebaseStorageCombine-Community */,
				A0E077DD2B0CD79D00C328B0 /* FirebaseAnalytics */,
				A0E077DF2B0CD79D00C328B0 /* FirebaseAnalyticsOnDeviceConversion */,
				A0E077E12B0CD79D00C328B0 /* FirebaseAnalyticsSwift */,
				A0E077E32B0CD79D00C328B0 /* FirebaseAnalyticsWithoutAdIdSupport */,
				A0E077E52B0CD79D00C328B0 /* FirebaseAppCheck */,
				A0E077E72B0CD79D00C328B0 /* FirebaseAppDistribution-Beta */,
				A0E077E92B0CD79D00C328B0 /* FirebaseAuth */,
				A0E077EB2B0CD79D00C328B0 /* FirebaseAuthCombine-Community */,
				A0E077ED2B0CD79D00C328B0 /* FirebaseCrashlytics */,
				A0E077EF2B0CD79D00C328B0 /* FirebaseDatabase */,
				A0E077F12B0CD79D00C328B0 /* FirebaseDatabaseSwift */,
				A0E077F32B0CD79D00C328B0 /* FirebaseDynamicLinks */,
				A0E077F52B0CD79D00C328B0 /* FirebaseFirestore */,
				A0E077F72B0CD79D00C328B0 /* FirebaseFirestoreCombine-Community */,
				A0E077F92B0CD79D00C328B0 /* FirebaseFirestoreSwift */,
				A0E077FB2B0CD79D00C328B0 /* FirebaseFunctions */,
				A0E077FD2B0CD79D00C328B0 /* FirebaseFunctionsCombine-Community */,
				A0E077FF2B0CD79D00C328B0 /* FirebaseInAppMessaging-Beta */,
				A0E078012B0CD79D00C328B0 /* FirebaseInAppMessagingSwift-Beta */,
				A0E078032B0CD79D00C328B0 /* FirebaseInstallations */,
				A0E078052B0CD79D00C328B0 /* FirebaseMLModelDownloader */,
				A0E078072B0CD79D00C328B0 /* FirebaseMessaging */,
				A0E078092B0CD79D00C328B0 /* FirebasePerformance */,
				A0E0780B2B0CD79D00C328B0 /* FirebaseRemoteConfig */,
				A0E0780D2B0CD79D00C328B0 /* FirebaseRemoteConfigSwift */,
				A0E0780F2B0CD79D00C328B0 /* FirebaseStorage */,
				A0E078112B0CD79D00C328B0 /* FirebaseStorageCombine-Community */,
			);
			productName = "Threads-Clone";
			productReference = A02BC91C2B06523D009588C0 /* Threads-Clone.app */;
			productType = "com.apple.product-type.application";
		};
/* End PBXNativeTarget section */

/* Begin PBXProject section */
		A02BC9142B06523D009588C0 /* Project object */ = {
			isa = PBXProject;
			attributes = {
				BuildIndependentTargetsInParallel = 1;
				LastSwiftUpdateCheck = 1500;
				LastUpgradeCheck = 1500;
				TargetAttributes = {
					A02BC91B2B06523D009588C0 = {
						CreatedOnToolsVersion = 15.0;
					};
				};
			};
			buildConfigurationList = A02BC9172B06523D009588C0 /* Build configuration list for PBXProject "Threads-Clone" */;
			compatibilityVersion = "Xcode 14.0";
			developmentRegion = en;
			hasScannedForEncodings = 0;
			knownRegions = (
				en,
				Base,
			);
			mainGroup = A02BC9132B06523D009588C0;
			packageReferences = (
				A0E077DC2B0CD79D00C328B0 /* XCRemoteSwiftPackageReference "firebase-ios-sdk" */,
			);
			productRefGroup = A02BC91D2B06523D009588C0 /* Products */;
			projectDirPath = "";
			projectRoot = "";
			targets = (
				A02BC91B2B06523D009588C0 /* Threads-Clone */,
			);
		};
/* End PBXProject section */

/* Begin PBXResourcesBuildPhase section */
		A02BC91A2B06523D009588C0 /* Resources */ = {
			isa = PBXResourcesBuildPhase;
			buildActionMask = 2147483647;
			files = (
				A02BC9272B06523F009588C0 /* Preview Assets.xcassets in Resources */,
				A02BC9242B06523F009588C0 /* Assets.xcassets in Resources */,
				A0E078162B0CD90D00C328B0 /* GoogleService-Info.plist in Resources */,
			);
			runOnlyForDeploymentPostprocessing = 0;
		};
/* End PBXResourcesBuildPhase section */

/* Begin PBXSourcesBuildPhase section */
		A02BC9182B06523D009588C0 /* Sources */ = {
			isa = PBXSourcesBuildPhase;
			buildActionMask = 2147483647;
			files = (
				A02BC9532B068DAD009588C0 /* ActivityView.swift in Sources */,
				A0F514C62B0BEDD500F1C0DE /* RegistrationViewModel.swift in Sources */,
				A0F514B52B0BA33200F1C0DE /* EditProfileView.swift in Sources */,
				A02BC9472B068B3E009588C0 /* FeedView.swift in Sources */,
				A0E0781A2B0D3A8C00C328B0 /* ContentViewModel.swift in Sources */,
				A02BC94F2B068D80009588C0 /* NewThreadView.swift in Sources */,
				A02811AD2B0E1B0D00F93FD8 /* CurrentUserProfileViewModel.swift in Sources */,
				A0FE19E92B0AA48400D690E1 /* ProfileThreadFilter.swift in Sources */,
				A02811AA2B0E16BD00F93FD8 /* UserService.swift in Sources */,
				A0F514C82B0BEF2700F1C0DE /* AuthService.swift in Sources */,
				A02BC9402B067699009588C0 /* ButtonModifier.swift in Sources */,
				A0F4F7692B0E62460037E511 /* ProfileHeaderView.swift in Sources */,
				A02BC9392B0655F9009588C0 /* LoginView.swift in Sources */,
				A02811A82B0E100C00F93FD8 /* User.swift in Sources */,
				A03DC4B02B06B94B00C2E069 /* ThreadCellView.swift in Sources */,
				A02BC93E2B0663AD009588C0 /* TextFieldModifier.swift in Sources */,
				A02BC9222B06523D009588C0 /* ContentView.swift in Sources */,
				A0F4F76B2B0E659D0037E511 /* UserContentListView.swift in Sources */,
				A03DC4B32B06CB0800C2E069 /* CircularUserProfileView.swift in Sources */,
				A02BC9572B068E16009588C0 /* UserProfileView.swift in Sources */,
				A02BC9432B067BC6009588C0 /* ThreadsTabView.swift in Sources */,
				A02BC9202B06523D009588C0 /* Threads_CloneApp.swift in Sources */,
				A02BC94B2B068D3E009588C0 /* ExploreView.swift in Sources */,
				A02811B62B0E526E00F93FD8 /* CurrentUserProfileView.swift in Sources */,
				A02811B02B0E371F00F93FD8 /* ExploreViewModel.swift in Sources */,
				A03DC4B52B06CB8000C2E069 /* UserCellView.swift in Sources */,
				A02BC93B2B065F3C009588C0 /* RegistrationView.swift in Sources */,
				A0E0781C2B0D426500C328B0 /* LoginViewModel.swift in Sources */,
				A02811B22B0E442700F93FD8 /* PreviewProvider.swift in Sources */,
			);
			runOnlyForDeploymentPostprocessing = 0;
		};
/* End PBXSourcesBuildPhase section */

/* Begin XCBuildConfiguration section */
		A02BC9282B06523F009588C0 /* Debug */ = {
			isa = XCBuildConfiguration;
			buildSettings = {
				ALWAYS_SEARCH_USER_PATHS = NO;
				ASSETCATALOG_COMPILER_GENERATE_SWIFT_ASSET_SYMBOL_EXTENSIONS = YES;
				CLANG_ANALYZER_NONNULL = YES;
				CLANG_ANALYZER_NUMBER_OBJECT_CONVERSION = YES_AGGRESSIVE;
				CLANG_CXX_LANGUAGE_STANDARD = "gnu++20";
				CLANG_ENABLE_MODULES = YES;
				CLANG_ENABLE_OBJC_ARC = YES;
				CLANG_ENABLE_OBJC_WEAK = YES;
				CLANG_WARN_BLOCK_CAPTURE_AUTORELEASING = YES;
				CLANG_WARN_BOOL_CONVERSION = YES;
				CLANG_WARN_COMMA = YES;
				CLANG_WARN_CONSTANT_CONVERSION = YES;
				CLANG_WARN_DEPRECATED_OBJC_IMPLEMENTATIONS = YES;
				CLANG_WARN_DIRECT_OBJC_ISA_USAGE = YES_ERROR;
				CLANG_WARN_DOCUMENTATION_COMMENTS = YES;
				CLANG_WARN_EMPTY_BODY = YES;
				CLANG_WARN_ENUM_CONVERSION = YES;
				CLANG_WARN_INFINITE_RECURSION = YES;
				CLANG_WARN_INT_CONVERSION = YES;
				CLANG_WARN_NON_LITERAL_NULL_CONVERSION = YES;
				CLANG_WARN_OBJC_IMPLICIT_RETAIN_SELF = YES;
				CLANG_WARN_OBJC_LITERAL_CONVERSION = YES;
				CLANG_WARN_OBJC_ROOT_CLASS = YES_ERROR;
				CLANG_WARN_QUOTED_INCLUDE_IN_FRAMEWORK_HEADER = YES;
				CLANG_WARN_RANGE_LOOP_ANALYSIS = YES;
				CLANG_WARN_STRICT_PROTOTYPES = YES;
				CLANG_WARN_SUSPICIOUS_MOVE = YES;
				CLANG_WARN_UNGUARDED_AVAILABILITY = YES_AGGRESSIVE;
				CLANG_WARN_UNREACHABLE_CODE = YES;
				CLANG_WARN__DUPLICATE_METHOD_MATCH = YES;
				COPY_PHASE_STRIP = NO;
				DEBUG_INFORMATION_FORMAT = dwarf;
				ENABLE_STRICT_OBJC_MSGSEND = YES;
				ENABLE_TESTABILITY = YES;
				ENABLE_USER_SCRIPT_SANDBOXING = YES;
				GCC_C_LANGUAGE_STANDARD = gnu17;
				GCC_DYNAMIC_NO_PIC = NO;
				GCC_NO_COMMON_BLOCKS = YES;
				GCC_OPTIMIZATION_LEVEL = 0;
				GCC_PREPROCESSOR_DEFINITIONS = (
					"DEBUG=1",
					"$(inherited)",
				);
				GCC_WARN_64_TO_32_BIT_CONVERSION = YES;
				GCC_WARN_ABOUT_RETURN_TYPE = YES_ERROR;
				GCC_WARN_UNDECLARED_SELECTOR = YES;
				GCC_WARN_UNINITIALIZED_AUTOS = YES_AGGRESSIVE;
				GCC_WARN_UNUSED_FUNCTION = YES;
				GCC_WARN_UNUSED_VARIABLE = YES;
				IPHONEOS_DEPLOYMENT_TARGET = 17.0;
				LOCALIZATION_PREFERS_STRING_CATALOGS = YES;
				MTL_ENABLE_DEBUG_INFO = INCLUDE_SOURCE;
				MTL_FAST_MATH = YES;
				ONLY_ACTIVE_ARCH = YES;
				SDKROOT = iphoneos;
				SWIFT_ACTIVE_COMPILATION_CONDITIONS = "DEBUG $(inherited)";
				SWIFT_OPTIMIZATION_LEVEL = "-Onone";
			};
			name = Debug;
		};
		A02BC9292B06523F009588C0 /* Release */ = {
			isa = XCBuildConfiguration;
			buildSettings = {
				ALWAYS_SEARCH_USER_PATHS = NO;
				ASSETCATALOG_COMPILER_GENERATE_SWIFT_ASSET_SYMBOL_EXTENSIONS = YES;
				CLANG_ANALYZER_NONNULL = YES;
				CLANG_ANALYZER_NUMBER_OBJECT_CONVERSION = YES_AGGRESSIVE;
				CLANG_CXX_LANGUAGE_STANDARD = "gnu++20";
				CLANG_ENABLE_MODULES = YES;
				CLANG_ENABLE_OBJC_ARC = YES;
				CLANG_ENABLE_OBJC_WEAK = YES;
				CLANG_WARN_BLOCK_CAPTURE_AUTORELEASING = YES;
				CLANG_WARN_BOOL_CONVERSION = YES;
				CLANG_WARN_COMMA = YES;
				CLANG_WARN_CONSTANT_CONVERSION = YES;
				CLANG_WARN_DEPRECATED_OBJC_IMPLEMENTATIONS = YES;
				CLANG_WARN_DIRECT_OBJC_ISA_USAGE = YES_ERROR;
				CLANG_WARN_DOCUMENTATION_COMMENTS = YES;
				CLANG_WARN_EMPTY_BODY = YES;
				CLANG_WARN_ENUM_CONVERSION = YES;
				CLANG_WARN_INFINITE_RECURSION = YES;
				CLANG_WARN_INT_CONVERSION = YES;
				CLANG_WARN_NON_LITERAL_NULL_CONVERSION = YES;
				CLANG_WARN_OBJC_IMPLICIT_RETAIN_SELF = YES;
				CLANG_WARN_OBJC_LITERAL_CONVERSION = YES;
				CLANG_WARN_OBJC_ROOT_CLASS = YES_ERROR;
				CLANG_WARN_QUOTED_INCLUDE_IN_FRAMEWORK_HEADER = YES;
				CLANG_WARN_RANGE_LOOP_ANALYSIS = YES;
				CLANG_WARN_STRICT_PROTOTYPES = YES;
				CLANG_WARN_SUSPICIOUS_MOVE = YES;
				CLANG_WARN_UNGUARDED_AVAILABILITY = YES_AGGRESSIVE;
				CLANG_WARN_UNREACHABLE_CODE = YES;
				CLANG_WARN__DUPLICATE_METHOD_MATCH = YES;
				COPY_PHASE_STRIP = NO;
				DEBUG_INFORMATION_FORMAT = "dwarf-with-dsym";
				ENABLE_NS_ASSERTIONS = NO;
				ENABLE_STRICT_OBJC_MSGSEND = YES;
				ENABLE_USER_SCRIPT_SANDBOXING = YES;
				GCC_C_LANGUAGE_STANDARD = gnu17;
				GCC_NO_COMMON_BLOCKS = YES;
				GCC_WARN_64_TO_32_BIT_CONVERSION = YES;
				GCC_WARN_ABOUT_RETURN_TYPE = YES_ERROR;
				GCC_WARN_UNDECLARED_SELECTOR = YES;
				GCC_WARN_UNINITIALIZED_AUTOS = YES_AGGRESSIVE;
				GCC_WARN_UNUSED_FUNCTION = YES;
				GCC_WARN_UNUSED_VARIABLE = YES;
				IPHONEOS_DEPLOYMENT_TARGET = 17.0;
				LOCALIZATION_PREFERS_STRING_CATALOGS = YES;
				MTL_ENABLE_DEBUG_INFO = NO;
				MTL_FAST_MATH = YES;
				SDKROOT = iphoneos;
				SWIFT_COMPILATION_MODE = wholemodule;
				VALIDATE_PRODUCT = YES;
			};
			name = Release;
		};
		A02BC92B2B06523F009588C0 /* Debug */ = {
			isa = XCBuildConfiguration;
			buildSettings = {
				ASSETCATALOG_COMPILER_APPICON_NAME = AppIcon;
				ASSETCATALOG_COMPILER_GLOBAL_ACCENT_COLOR_NAME = AccentColor;
				CODE_SIGN_STYLE = Automatic;
				CURRENT_PROJECT_VERSION = 1;
				DEVELOPMENT_ASSET_PATHS = "\"Threads-Clone/Preview Content\"";
				DEVELOPMENT_TEAM = V67TX5W95C;
				ENABLE_PREVIEWS = YES;
				GENERATE_INFOPLIST_FILE = YES;
				INFOPLIST_KEY_UIApplicationSceneManifest_Generation = YES;
				INFOPLIST_KEY_UIApplicationSupportsIndirectInputEvents = YES;
				INFOPLIST_KEY_UILaunchScreen_Generation = YES;
				INFOPLIST_KEY_UISupportedInterfaceOrientations_iPad = "UIInterfaceOrientationPortrait UIInterfaceOrientationPortraitUpsideDown UIInterfaceOrientationLandscapeLeft UIInterfaceOrientationLandscapeRight";
				INFOPLIST_KEY_UISupportedInterfaceOrientations_iPhone = "UIInterfaceOrientationPortrait UIInterfaceOrientationLandscapeLeft UIInterfaceOrientationLandscapeRight";
				LD_RUNPATH_SEARCH_PATHS = (
					"$(inherited)",
					"@executable_path/Frameworks",
				);
				MARKETING_VERSION = 1.0;
				PRODUCT_BUNDLE_IDENTIFIER = "piwien.Threads-Clone";
				PRODUCT_NAME = "$(TARGET_NAME)";
				SWIFT_EMIT_LOC_STRINGS = YES;
				SWIFT_VERSION = 5.0;
				TARGETED_DEVICE_FAMILY = "1,2";
			};
			name = Debug;
		};
		A02BC92C2B06523F009588C0 /* Release */ = {
			isa = XCBuildConfiguration;
			buildSettings = {
				ASSETCATALOG_COMPILER_APPICON_NAME = AppIcon;
				ASSETCATALOG_COMPILER_GLOBAL_ACCENT_COLOR_NAME = AccentColor;
				CODE_SIGN_STYLE = Automatic;
				CURRENT_PROJECT_VERSION = 1;
				DEVELOPMENT_ASSET_PATHS = "\"Threads-Clone/Preview Content\"";
				DEVELOPMENT_TEAM = V67TX5W95C;
				ENABLE_PREVIEWS = YES;
				GENERATE_INFOPLIST_FILE = YES;
				INFOPLIST_KEY_UIApplicationSceneManifest_Generation = YES;
				INFOPLIST_KEY_UIApplicationSupportsIndirectInputEvents = YES;
				INFOPLIST_KEY_UILaunchScreen_Generation = YES;
				INFOPLIST_KEY_UISupportedInterfaceOrientations_iPad = "UIInterfaceOrientationPortrait UIInterfaceOrientationPortraitUpsideDown UIInterfaceOrientationLandscapeLeft UIInterfaceOrientationLandscapeRight";
				INFOPLIST_KEY_UISupportedInterfaceOrientations_iPhone = "UIInterfaceOrientationPortrait UIInterfaceOrientationLandscapeLeft UIInterfaceOrientationLandscapeRight";
				LD_RUNPATH_SEARCH_PATHS = (
					"$(inherited)",
					"@executable_path/Frameworks",
				);
				MARKETING_VERSION = 1.0;
				PRODUCT_BUNDLE_IDENTIFIER = "piwien.Threads-Clone";
				PRODUCT_NAME = "$(TARGET_NAME)";
				SWIFT_EMIT_LOC_STRINGS = YES;
				SWIFT_VERSION = 5.0;
				TARGETED_DEVICE_FAMILY = "1,2";
			};
			name = Release;
		};
/* End XCBuildConfiguration section */

/* Begin XCConfigurationList section */
		A02BC9172B06523D009588C0 /* Build configuration list for PBXProject "Threads-Clone" */ = {
			isa = XCConfigurationList;
			buildConfigurations = (
				A02BC9282B06523F009588C0 /* Debug */,
				A02BC9292B06523F009588C0 /* Release */,
			);
			defaultConfigurationIsVisible = 0;
			defaultConfigurationName = Release;
		};
		A02BC92A2B06523F009588C0 /* Build configuration list for PBXNativeTarget "Threads-Clone" */ = {
			isa = XCConfigurationList;
			buildConfigurations = (
				A02BC92B2B06523F009588C0 /* Debug */,
				A02BC92C2B06523F009588C0 /* Release */,
			);
			defaultConfigurationIsVisible = 0;
			defaultConfigurationName = Release;
		};
/* End XCConfigurationList section */

/* Begin XCRemoteSwiftPackageReference section */
		A0E077DC2B0CD79D00C328B0 /* XCRemoteSwiftPackageReference "firebase-ios-sdk" */ = {
			isa = XCRemoteSwiftPackageReference;
			repositoryURL = "https://github.com/firebase/firebase-ios-sdk";
			requirement = {
				kind = upToNextMajorVersion;
				minimumVersion = 10.18.0;
			};
		};
/* End XCRemoteSwiftPackageReference section */

/* Begin XCSwiftPackageProductDependency section */
		A0CDD2CC2B0BF3EB00B1E88A /* FirebaseAnalytics */ = {
			isa = XCSwiftPackageProductDependency;
			productName = FirebaseAnalytics;
		};
		A0CDD2CE2B0BF3EB00B1E88A /* FirebaseAnalyticsOnDeviceConversion */ = {
			isa = XCSwiftPackageProductDependency;
			productName = FirebaseAnalyticsOnDeviceConversion;
		};
		A0CDD2D02B0BF3EB00B1E88A /* FirebaseAnalyticsSwift */ = {
			isa = XCSwiftPackageProductDependency;
			productName = FirebaseAnalyticsSwift;
		};
		A0CDD2D22B0BF3EB00B1E88A /* FirebaseAnalyticsWithoutAdIdSupport */ = {
			isa = XCSwiftPackageProductDependency;
			productName = FirebaseAnalyticsWithoutAdIdSupport;
		};
		A0CDD2D42B0BF3EB00B1E88A /* FirebaseAppCheck */ = {
			isa = XCSwiftPackageProductDependency;
			productName = FirebaseAppCheck;
		};
		A0CDD2D62B0BF3EB00B1E88A /* FirebaseAppDistribution-Beta */ = {
			isa = XCSwiftPackageProductDependency;
			productName = "FirebaseAppDistribution-Beta";
		};
		A0CDD2D82B0BF3EB00B1E88A /* FirebaseAuth */ = {
			isa = XCSwiftPackageProductDependency;
			productName = FirebaseAuth;
		};
		A0CDD2DA2B0BF3EB00B1E88A /* FirebaseAuthCombine-Community */ = {
			isa = XCSwiftPackageProductDependency;
			productName = "FirebaseAuthCombine-Community";
		};
		A0CDD2DC2B0BF3EB00B1E88A /* FirebaseCrashlytics */ = {
			isa = XCSwiftPackageProductDependency;
			productName = FirebaseCrashlytics;
		};
		A0CDD2DE2B0BF3EB00B1E88A /* FirebaseDatabase */ = {
			isa = XCSwiftPackageProductDependency;
			productName = FirebaseDatabase;
		};
		A0CDD2E02B0BF3EB00B1E88A /* FirebaseDatabaseSwift */ = {
			isa = XCSwiftPackageProductDependency;
			productName = FirebaseDatabaseSwift;
		};
		A0CDD2E22B0BF3EB00B1E88A /* FirebaseDynamicLinks */ = {
			isa = XCSwiftPackageProductDependency;
			productName = FirebaseDynamicLinks;
		};
		A0CDD2E42B0BF3EB00B1E88A /* FirebaseFirestore */ = {
			isa = XCSwiftPackageProductDependency;
			productName = FirebaseFirestore;
		};
		A0CDD2E62B0BF3EB00B1E88A /* FirebaseFirestoreCombine-Community */ = {
			isa = XCSwiftPackageProductDependency;
			productName = "FirebaseFirestoreCombine-Community";
		};
		A0CDD2E82B0BF3EB00B1E88A /* FirebaseFirestoreSwift */ = {
			isa = XCSwiftPackageProductDependency;
			productName = FirebaseFirestoreSwift;
		};
		A0CDD2EA2B0BF3EB00B1E88A /* FirebaseFunctions */ = {
			isa = XCSwiftPackageProductDependency;
			productName = FirebaseFunctions;
		};
		A0CDD2EC2B0BF3EB00B1E88A /* FirebaseFunctionsCombine-Community */ = {
			isa = XCSwiftPackageProductDependency;
			productName = "FirebaseFunctionsCombine-Community";
		};
		A0CDD2EE2B0BF3EB00B1E88A /* FirebaseInAppMessaging-Beta */ = {
			isa = XCSwiftPackageProductDependency;
			productName = "FirebaseInAppMessaging-Beta";
		};
		A0CDD2F02B0BF3EB00B1E88A /* FirebaseInAppMessagingSwift-Beta */ = {
			isa = XCSwiftPackageProductDependency;
			productName = "FirebaseInAppMessagingSwift-Beta";
		};
		A0CDD2F22B0BF3EB00B1E88A /* FirebaseInstallations */ = {
			isa = XCSwiftPackageProductDependency;
			productName = FirebaseInstallations;
		};
		A0CDD2F42B0BF3EB00B1E88A /* FirebaseMLModelDownloader */ = {
			isa = XCSwiftPackageProductDependency;
			productName = FirebaseMLModelDownloader;
		};
		A0CDD2F62B0BF3EB00B1E88A /* FirebaseMessaging */ = {
			isa = XCSwiftPackageProductDependency;
			productName = FirebaseMessaging;
		};
		A0CDD2F82B0BF3EB00B1E88A /* FirebasePerformance */ = {
			isa = XCSwiftPackageProductDependency;
			productName = FirebasePerformance;
		};
		A0CDD2FA2B0BF3EB00B1E88A /* FirebaseRemoteConfig */ = {
			isa = XCSwiftPackageProductDependency;
			productName = FirebaseRemoteConfig;
		};
		A0CDD2FC2B0BF3EB00B1E88A /* FirebaseRemoteConfigSwift */ = {
			isa = XCSwiftPackageProductDependency;
			productName = FirebaseRemoteConfigSwift;
		};
		A0CDD2FE2B0BF3EB00B1E88A /* FirebaseStorage */ = {
			isa = XCSwiftPackageProductDependency;
			productName = FirebaseStorage;
		};
		A0CDD3002B0BF3EB00B1E88A /* FirebaseStorageCombine-Community */ = {
			isa = XCSwiftPackageProductDependency;
			productName = "FirebaseStorageCombine-Community";
		};
		A0E077DD2B0CD79D00C328B0 /* FirebaseAnalytics */ = {
			isa = XCSwiftPackageProductDependency;
			package = A0E077DC2B0CD79D00C328B0 /* XCRemoteSwiftPackageReference "firebase-ios-sdk" */;
			productName = FirebaseAnalytics;
		};
		A0E077DF2B0CD79D00C328B0 /* FirebaseAnalyticsOnDeviceConversion */ = {
			isa = XCSwiftPackageProductDependency;
			package = A0E077DC2B0CD79D00C328B0 /* XCRemoteSwiftPackageReference "firebase-ios-sdk" */;
			productName = FirebaseAnalyticsOnDeviceConversion;
		};
		A0E077E12B0CD79D00C328B0 /* FirebaseAnalyticsSwift */ = {
			isa = XCSwiftPackageProductDependency;
			package = A0E077DC2B0CD79D00C328B0 /* XCRemoteSwiftPackageReference "firebase-ios-sdk" */;
			productName = FirebaseAnalyticsSwift;
		};
		A0E077E32B0CD79D00C328B0 /* FirebaseAnalyticsWithoutAdIdSupport */ = {
			isa = XCSwiftPackageProductDependency;
			package = A0E077DC2B0CD79D00C328B0 /* XCRemoteSwiftPackageReference "firebase-ios-sdk" */;
			productName = FirebaseAnalyticsWithoutAdIdSupport;
		};
		A0E077E52B0CD79D00C328B0 /* FirebaseAppCheck */ = {
			isa = XCSwiftPackageProductDependency;
			package = A0E077DC2B0CD79D00C328B0 /* XCRemoteSwiftPackageReference "firebase-ios-sdk" */;
			productName = FirebaseAppCheck;
		};
		A0E077E72B0CD79D00C328B0 /* FirebaseAppDistribution-Beta */ = {
			isa = XCSwiftPackageProductDependency;
			package = A0E077DC2B0CD79D00C328B0 /* XCRemoteSwiftPackageReference "firebase-ios-sdk" */;
			productName = "FirebaseAppDistribution-Beta";
		};
		A0E077E92B0CD79D00C328B0 /* FirebaseAuth */ = {
			isa = XCSwiftPackageProductDependency;
			package = A0E077DC2B0CD79D00C328B0 /* XCRemoteSwiftPackageReference "firebase-ios-sdk" */;
			productName = FirebaseAuth;
		};
		A0E077EB2B0CD79D00C328B0 /* FirebaseAuthCombine-Community */ = {
			isa = XCSwiftPackageProductDependency;
			package = A0E077DC2B0CD79D00C328B0 /* XCRemoteSwiftPackageReference "firebase-ios-sdk" */;
			productName = "FirebaseAuthCombine-Community";
		};
		A0E077ED2B0CD79D00C328B0 /* FirebaseCrashlytics */ = {
			isa = XCSwiftPackageProductDependency;
			package = A0E077DC2B0CD79D00C328B0 /* XCRemoteSwiftPackageReference "firebase-ios-sdk" */;
			productName = FirebaseCrashlytics;
		};
		A0E077EF2B0CD79D00C328B0 /* FirebaseDatabase */ = {
			isa = XCSwiftPackageProductDependency;
			package = A0E077DC2B0CD79D00C328B0 /* XCRemoteSwiftPackageReference "firebase-ios-sdk" */;
			productName = FirebaseDatabase;
		};
		A0E077F12B0CD79D00C328B0 /* FirebaseDatabaseSwift */ = {
			isa = XCSwiftPackageProductDependency;
			package = A0E077DC2B0CD79D00C328B0 /* XCRemoteSwiftPackageReference "firebase-ios-sdk" */;
			productName = FirebaseDatabaseSwift;
		};
		A0E077F32B0CD79D00C328B0 /* FirebaseDynamicLinks */ = {
			isa = XCSwiftPackageProductDependency;
			package = A0E077DC2B0CD79D00C328B0 /* XCRemoteSwiftPackageReference "firebase-ios-sdk" */;
			productName = FirebaseDynamicLinks;
		};
		A0E077F52B0CD79D00C328B0 /* FirebaseFirestore */ = {
			isa = XCSwiftPackageProductDependency;
			package = A0E077DC2B0CD79D00C328B0 /* XCRemoteSwiftPackageReference "firebase-ios-sdk" */;
			productName = FirebaseFirestore;
		};
		A0E077F72B0CD79D00C328B0 /* FirebaseFirestoreCombine-Community */ = {
			isa = XCSwiftPackageProductDependency;
			package = A0E077DC2B0CD79D00C328B0 /* XCRemoteSwiftPackageReference "firebase-ios-sdk" */;
			productName = "FirebaseFirestoreCombine-Community";
		};
		A0E077F92B0CD79D00C328B0 /* FirebaseFirestoreSwift */ = {
			isa = XCSwiftPackageProductDependency;
			package = A0E077DC2B0CD79D00C328B0 /* XCRemoteSwiftPackageReference "firebase-ios-sdk" */;
			productName = FirebaseFirestoreSwift;
		};
		A0E077FB2B0CD79D00C328B0 /* FirebaseFunctions */ = {
			isa = XCSwiftPackageProductDependency;
			package = A0E077DC2B0CD79D00C328B0 /* XCRemoteSwiftPackageReference "firebase-ios-sdk" */;
			productName = FirebaseFunctions;
		};
		A0E077FD2B0CD79D00C328B0 /* FirebaseFunctionsCombine-Community */ = {
			isa = XCSwiftPackageProductDependency;
			package = A0E077DC2B0CD79D00C328B0 /* XCRemoteSwiftPackageReference "firebase-ios-sdk" */;
			productName = "FirebaseFunctionsCombine-Community";
		};
		A0E077FF2B0CD79D00C328B0 /* FirebaseInAppMessaging-Beta */ = {
			isa = XCSwiftPackageProductDependency;
			package = A0E077DC2B0CD79D00C328B0 /* XCRemoteSwiftPackageReference "firebase-ios-sdk" */;
			productName = "FirebaseInAppMessaging-Beta";
		};
		A0E078012B0CD79D00C328B0 /* FirebaseInAppMessagingSwift-Beta */ = {
			isa = XCSwiftPackageProductDependency;
			package = A0E077DC2B0CD79D00C328B0 /* XCRemoteSwiftPackageReference "firebase-ios-sdk" */;
			productName = "FirebaseInAppMessagingSwift-Beta";
		};
		A0E078032B0CD79D00C328B0 /* FirebaseInstallations */ = {
			isa = XCSwiftPackageProductDependency;
			package = A0E077DC2B0CD79D00C328B0 /* XCRemoteSwiftPackageReference "firebase-ios-sdk" */;
			productName = FirebaseInstallations;
		};
		A0E078052B0CD79D00C328B0 /* FirebaseMLModelDownloader */ = {
			isa = XCSwiftPackageProductDependency;
			package = A0E077DC2B0CD79D00C328B0 /* XCRemoteSwiftPackageReference "firebase-ios-sdk" */;
			productName = FirebaseMLModelDownloader;
		};
		A0E078072B0CD79D00C328B0 /* FirebaseMessaging */ = {
			isa = XCSwiftPackageProductDependency;
			package = A0E077DC2B0CD79D00C328B0 /* XCRemoteSwiftPackageReference "firebase-ios-sdk" */;
			productName = FirebaseMessaging;
		};
		A0E078092B0CD79D00C328B0 /* FirebasePerformance */ = {
			isa = XCSwiftPackageProductDependency;
			package = A0E077DC2B0CD79D00C328B0 /* XCRemoteSwiftPackageReference "firebase-ios-sdk" */;
			productName = FirebasePerformance;
		};
		A0E0780B2B0CD79D00C328B0 /* FirebaseRemoteConfig */ = {
			isa = XCSwiftPackageProductDependency;
			package = A0E077DC2B0CD79D00C328B0 /* XCRemoteSwiftPackageReference "firebase-ios-sdk" */;
			productName = FirebaseRemoteConfig;
		};
		A0E0780D2B0CD79D00C328B0 /* FirebaseRemoteConfigSwift */ = {
			isa = XCSwiftPackageProductDependency;
			package = A0E077DC2B0CD79D00C328B0 /* XCRemoteSwiftPackageReference "firebase-ios-sdk" */;
			productName = FirebaseRemoteConfigSwift;
		};
		A0E0780F2B0CD79D00C328B0 /* FirebaseStorage */ = {
			isa = XCSwiftPackageProductDependency;
			package = A0E077DC2B0CD79D00C328B0 /* XCRemoteSwiftPackageReference "firebase-ios-sdk" */;
			productName = FirebaseStorage;
		};
		A0E078112B0CD79D00C328B0 /* FirebaseStorageCombine-Community */ = {
			isa = XCSwiftPackageProductDependency;
			package = A0E077DC2B0CD79D00C328B0 /* XCRemoteSwiftPackageReference "firebase-ios-sdk" */;
			productName = "FirebaseStorageCombine-Community";
		};
/* End XCSwiftPackageProductDependency section */
	};
	rootObject = A02BC9142B06523D009588C0 /* Project object */;
}
