// !$*UTF8*$!
{
	archiveVersion = 1;
	classes = {
	};
	objectVersion = 56;
	objects = {

/* Begin PBXBuildFile section */
		A02BC9202B06523D009588C0 /* Threads_CloneApp.swift in Sources */ = {isa = PBXBuildFile; fileRef = A02BC91F2B06523D009588C0 /* Threads_CloneApp.swift */; };
		A02BC9222B06523D009588C0 /* ContentView.swift in Sources */ = {isa = PBXBuildFile; fileRef = A02BC9212B06523D009588C0 /* ContentView.swift */; };
		A02BC9242B06523F009588C0 /* Assets.xcassets in Resources */ = {isa = PBXBuildFile; fileRef = A02BC9232B06523F009588C0 /* Assets.xcassets */; };
		A02BC9272B06523F009588C0 /* Preview Assets.xcassets in Resources */ = {isa = PBXBuildFile; fileRef = A02BC9262B06523F009588C0 /* Preview Assets.xcassets */; };
		A02BC9392B0655F9009588C0 /* LoginView.swift in Sources */ = {isa = PBXBuildFile; fileRef = A02BC9382B0655F9009588C0 /* LoginView.swift */; };
		A02BC93B2B065F3C009588C0 /* RegistrationView.swift in Sources */ = {isa = PBXBuildFile; fileRef = A02BC93A2B065F3C009588C0 /* RegistrationView.swift */; };
		A02BC93E2B0663AD009588C0 /* TextFieldModifier.swift in Sources */ = {isa = PBXBuildFile; fileRef = A02BC93D2B0663AD009588C0 /* TextFieldModifier.swift */; };
		A02BC9402B067699009588C0 /* ButtonModifier.swift in Sources */ = {isa = PBXBuildFile; fileRef = A02BC93F2B067699009588C0 /* ButtonModifier.swift */; };
		A02BC9432B067BC6009588C0 /* ThreadsTabView.swift in Sources */ = {isa = PBXBuildFile; fileRef = A02BC9422B067BC6009588C0 /* ThreadsTabView.swift */; };
		A02BC9472B068B3E009588C0 /* FeedView.swift in Sources */ = {isa = PBXBuildFile; fileRef = A02BC9462B068B3E009588C0 /* FeedView.swift */; };
		A02BC94B2B068D3E009588C0 /* ExploreView.swift in Sources */ = {isa = PBXBuildFile; fileRef = A02BC94A2B068D3E009588C0 /* ExploreView.swift */; };
		A02BC94F2B068D80009588C0 /* NewThreadView.swift in Sources */ = {isa = PBXBuildFile; fileRef = A02BC94E2B068D80009588C0 /* NewThreadView.swift */; };
		A02BC9532B068DAD009588C0 /* ActivityView.swift in Sources */ = {isa = PBXBuildFile; fileRef = A02BC9522B068DAD009588C0 /* ActivityView.swift */; };
		A02BC9572B068E16009588C0 /* UserProfileView.swift in Sources */ = {isa = PBXBuildFile; fileRef = A02BC9562B068E16009588C0 /* UserProfileView.swift */; };
		A03DC4B02B06B94B00C2E069 /* ThreadCellView.swift in Sources */ = {isa = PBXBuildFile; fileRef = A03DC4AF2B06B94B00C2E069 /* ThreadCellView.swift */; };
		A03DC4B32B06CB0800C2E069 /* CircularUserProfileView.swift in Sources */ = {isa = PBXBuildFile; fileRef = A03DC4B22B06CB0800C2E069 /* CircularUserProfileView.swift */; };
		A03DC4B52B06CB8000C2E069 /* UserCellView.swift in Sources */ = {isa = PBXBuildFile; fileRef = A03DC4B42B06CB8000C2E069 /* UserCellView.swift */; };
		A0F514B52B0BA33200F1C0DE /* EditProfileView.swift in Sources */ = {isa = PBXBuildFile; fileRef = A0F514B42B0BA33200F1C0DE /* EditProfileView.swift */; };
		A0FE19E92B0AA48400D690E1 /* ProfileThreadFilter.swift in Sources */ = {isa = PBXBuildFile; fileRef = A0FE19E82B0AA48400D690E1 /* ProfileThreadFilter.swift */; };
/* End PBXBuildFile section */

/* Begin PBXFileReference section */
		A02BC91C2B06523D009588C0 /* Threads-Clone.app */ = {isa = PBXFileReference; explicitFileType = wrapper.application; includeInIndex = 0; path = "Threads-Clone.app"; sourceTree = BUILT_PRODUCTS_DIR; };
		A02BC91F2B06523D009588C0 /* Threads_CloneApp.swift */ = {isa = PBXFileReference; lastKnownFileType = sourcecode.swift; path = Threads_CloneApp.swift; sourceTree = "<group>"; };
		A02BC9212B06523D009588C0 /* ContentView.swift */ = {isa = PBXFileReference; lastKnownFileType = sourcecode.swift; path = ContentView.swift; sourceTree = "<group>"; };
		A02BC9232B06523F009588C0 /* Assets.xcassets */ = {isa = PBXFileReference; lastKnownFileType = folder.assetcatalog; path = Assets.xcassets; sourceTree = "<group>"; };
		A02BC9262B06523F009588C0 /* Preview Assets.xcassets */ = {isa = PBXFileReference; lastKnownFileType = folder.assetcatalog; path = "Preview Assets.xcassets"; sourceTree = "<group>"; };
		A02BC9382B0655F9009588C0 /* LoginView.swift */ = {isa = PBXFileReference; lastKnownFileType = sourcecode.swift; path = LoginView.swift; sourceTree = "<group>"; };
		A02BC93A2B065F3C009588C0 /* RegistrationView.swift */ = {isa = PBXFileReference; lastKnownFileType = sourcecode.swift; path = RegistrationView.swift; sourceTree = "<group>"; };
		A02BC93D2B0663AD009588C0 /* TextFieldModifier.swift */ = {isa = PBXFileReference; lastKnownFileType = sourcecode.swift; path = TextFieldModifier.swift; sourceTree = "<group>"; };
		A02BC93F2B067699009588C0 /* ButtonModifier.swift */ = {isa = PBXFileReference; lastKnownFileType = sourcecode.swift; path = ButtonModifier.swift; sourceTree = "<group>"; };
		A02BC9422B067BC6009588C0 /* ThreadsTabView.swift */ = {isa = PBXFileReference; lastKnownFileType = sourcecode.swift; path = ThreadsTabView.swift; sourceTree = "<group>"; };
		A02BC9462B068B3E009588C0 /* FeedView.swift */ = {isa = PBXFileReference; lastKnownFileType = sourcecode.swift; path = FeedView.swift; sourceTree = "<group>"; };
		A02BC94A2B068D3E009588C0 /* ExploreView.swift */ = {isa = PBXFileReference; lastKnownFileType = sourcecode.swift; path = ExploreView.swift; sourceTree = "<group>"; };
		A02BC94E2B068D80009588C0 /* NewThreadView.swift */ = {isa = PBXFileReference; lastKnownFileType = sourcecode.swift; path = NewThreadView.swift; sourceTree = "<group>"; };
		A02BC9522B068DAD009588C0 /* ActivityView.swift */ = {isa = PBXFileReference; lastKnownFileType = sourcecode.swift; path = ActivityView.swift; sourceTree = "<group>"; };
		A02BC9562B068E16009588C0 /* UserProfileView.swift */ = {isa = PBXFileReference; lastKnownFileType = sourcecode.swift; path = UserProfileView.swift; sourceTree = "<group>"; };
		A03DC4AF2B06B94B00C2E069 /* ThreadCellView.swift */ = {isa = PBXFileReference; lastKnownFileType = sourcecode.swift; path = ThreadCellView.swift; sourceTree = "<group>"; };
		A03DC4B22B06CB0800C2E069 /* CircularUserProfileView.swift */ = {isa = PBXFileReference; lastKnownFileType = sourcecode.swift; path = CircularUserProfileView.swift; sourceTree = "<group>"; };
		A03DC4B42B06CB8000C2E069 /* UserCellView.swift */ = {isa = PBXFileReference; lastKnownFileType = sourcecode.swift; path = UserCellView.swift; sourceTree = "<group>"; };
		A0F514B42B0BA33200F1C0DE /* EditProfileView.swift */ = {isa = PBXFileReference; lastKnownFileType = sourcecode.swift; path = EditProfileView.swift; sourceTree = "<group>"; };
		A0FE19E82B0AA48400D690E1 /* ProfileThreadFilter.swift */ = {isa = PBXFileReference; lastKnownFileType = sourcecode.swift; path = ProfileThreadFilter.swift; sourceTree = "<group>"; };
/* End PBXFileReference section */

/* Begin PBXFrameworksBuildPhase section */
		A02BC9192B06523D009588C0 /* Frameworks */ = {
			isa = PBXFrameworksBuildPhase;
			buildActionMask = 2147483647;
			files = (
			);
			runOnlyForDeploymentPostprocessing = 0;
		};
/* End PBXFrameworksBuildPhase section */

/* Begin PBXGroup section */
		A02BC9132B06523D009588C0 = {
			isa = PBXGroup;
			children = (
				A02BC91E2B06523D009588C0 /* Threads-Clone */,
				A02BC91D2B06523D009588C0 /* Products */,
			);
			sourceTree = "<group>";
		};
		A02BC91D2B06523D009588C0 /* Products */ = {
			isa = PBXGroup;
			children = (
				A02BC91C2B06523D009588C0 /* Threads-Clone.app */,
			);
			name = Products;
			sourceTree = "<group>";
		};
		A02BC91E2B06523D009588C0 /* Threads-Clone */ = {
			isa = PBXGroup;
			children = (
				A02BC9342B0652A5009588C0 /* App */,
				A02BC9332B0652A3009588C0 /* Core */,
				A02BC9322B0652A2009588C0 /* Extensions */,
				A02BC9312B06529F009588C0 /* Model */,
				A02BC92E2B065294009588C0 /* Services */,
				A02BC92D2B065293009588C0 /* Utils */,
				A02BC9212B06523D009588C0 /* ContentView.swift */,
				A02BC9232B06523F009588C0 /* Assets.xcassets */,
				A02BC9252B06523F009588C0 /* Preview Content */,
			);
			path = "Threads-Clone";
			sourceTree = "<group>";
		};
		A02BC9252B06523F009588C0 /* Preview Content */ = {
			isa = PBXGroup;
			children = (
				A02BC9262B06523F009588C0 /* Preview Assets.xcassets */,
			);
			path = "Preview Content";
			sourceTree = "<group>";
		};
		A02BC92D2B065293009588C0 /* Utils */ = {
			isa = PBXGroup;
			children = (
				A02BC93C2B066382009588C0 /* ViewMofiers */,
			);
			path = Utils;
			sourceTree = "<group>";
		};
		A02BC92E2B065294009588C0 /* Services */ = {
			isa = PBXGroup;
			children = (
			);
			path = Services;
			sourceTree = "<group>";
		};
		A02BC9312B06529F009588C0 /* Model */ = {
			isa = PBXGroup;
			children = (
			);
			path = Model;
			sourceTree = "<group>";
		};
		A02BC9322B0652A2009588C0 /* Extensions */ = {
			isa = PBXGroup;
			children = (
			);
			path = Extensions;
			sourceTree = "<group>";
		};
		A02BC9332B0652A3009588C0 /* Core */ = {
			isa = PBXGroup;
			children = (
				A02BC9502B068D9D009588C0 /* Activity */,
				A02BC9362B0655CA009588C0 /* Authentication */,
				A03DC4B12B06CA7900C2E069 /* Components */,
				A02BC9482B068D21009588C0 /* Explore */,
				A02BC9442B068B26009588C0 /* Feed */,
				A02BC9352B0655C8009588C0 /* Root */,
				A02BC9412B067B8E009588C0 /* TabBar */,
				A02BC94C2B068D61009588C0 /* ThreadCreation */,
				A02BC9542B068DFF009588C0 /* UserProfile */,
			);
			path = Core;
			sourceTree = "<group>";
		};
		A02BC9342B0652A5009588C0 /* App */ = {
			isa = PBXGroup;
			children = (
				A02BC91F2B06523D009588C0 /* Threads_CloneApp.swift */,
			);
			path = App;
			sourceTree = "<group>";
		};
		A02BC9352B0655C8009588C0 /* Root */ = {
			isa = PBXGroup;
			children = (
			);
			path = Root;
			sourceTree = "<group>";
		};
		A02BC9362B0655CA009588C0 /* Authentication */ = {
			isa = PBXGroup;
			children = (
				A02BC9372B0655DC009588C0 /* Views */,
			);
			path = Authentication;
			sourceTree = "<group>";
		};
		A02BC9372B0655DC009588C0 /* Views */ = {
			isa = PBXGroup;
			children = (
				A02BC9382B0655F9009588C0 /* LoginView.swift */,
				A02BC93A2B065F3C009588C0 /* RegistrationView.swift */,
			);
			path = Views;
			sourceTree = "<group>";
		};
		A02BC93C2B066382009588C0 /* ViewMofiers */ = {
			isa = PBXGroup;
			children = (
				A02BC93D2B0663AD009588C0 /* TextFieldModifier.swift */,
				A02BC93F2B067699009588C0 /* ButtonModifier.swift */,
			);
			path = ViewMofiers;
			sourceTree = "<group>";
		};
		A02BC9412B067B8E009588C0 /* TabBar */ = {
			isa = PBXGroup;
			children = (
				A02BC9422B067BC6009588C0 /* ThreadsTabView.swift */,
			);
			path = TabBar;
			sourceTree = "<group>";
		};
		A02BC9442B068B26009588C0 /* Feed */ = {
			isa = PBXGroup;
			children = (
				A02BC9452B068B2E009588C0 /* View */,
			);
			path = Feed;
			sourceTree = "<group>";
		};
		A02BC9452B068B2E009588C0 /* View */ = {
			isa = PBXGroup;
			children = (
				A02BC9462B068B3E009588C0 /* FeedView.swift */,
				A03DC4AF2B06B94B00C2E069 /* ThreadCellView.swift */,
			);
			path = View;
			sourceTree = "<group>";
		};
		A02BC9482B068D21009588C0 /* Explore */ = {
			isa = PBXGroup;
			children = (
				A02BC9492B068D2A009588C0 /* View */,
			);
			path = Explore;
			sourceTree = "<group>";
		};
		A02BC9492B068D2A009588C0 /* View */ = {
			isa = PBXGroup;
			children = (
				A02BC94A2B068D3E009588C0 /* ExploreView.swift */,
			);
			path = View;
			sourceTree = "<group>";
		};
		A02BC94C2B068D61009588C0 /* ThreadCreation */ = {
			isa = PBXGroup;
			children = (
				A02BC94D2B068D71009588C0 /* View */,
			);
			path = ThreadCreation;
			sourceTree = "<group>";
		};
		A02BC94D2B068D71009588C0 /* View */ = {
			isa = PBXGroup;
			children = (
				A02BC94E2B068D80009588C0 /* NewThreadView.swift */,
			);
			path = View;
			sourceTree = "<group>";
		};
		A02BC9502B068D9D009588C0 /* Activity */ = {
			isa = PBXGroup;
			children = (
				A02BC9512B068DA3009588C0 /* View */,
			);
			path = Activity;
			sourceTree = "<group>";
		};
		A02BC9512B068DA3009588C0 /* View */ = {
			isa = PBXGroup;
			children = (
				A02BC9522B068DAD009588C0 /* ActivityView.swift */,
			);
			path = View;
			sourceTree = "<group>";
		};
		A02BC9542B068DFF009588C0 /* UserProfile */ = {
			isa = PBXGroup;
			children = (
				A0F514B22B0BA31200F1C0DE /* EditProfile */,
				A0FE19E72B0AA44200D690E1 /* Model */,
				A02BC9552B068E0A009588C0 /* View */,
			);
			path = UserProfile;
			sourceTree = "<group>";
		};
		A02BC9552B068E0A009588C0 /* View */ = {
			isa = PBXGroup;
			children = (
				A02BC9562B068E16009588C0 /* UserProfileView.swift */,
			);
			path = View;
			sourceTree = "<group>";
		};
		A03DC4B12B06CA7900C2E069 /* Components */ = {
			isa = PBXGroup;
			children = (
				A03DC4B22B06CB0800C2E069 /* CircularUserProfileView.swift */,
				A03DC4B42B06CB8000C2E069 /* UserCellView.swift */,
			);
			path = Components;
			sourceTree = "<group>";
		};
		A0F514B22B0BA31200F1C0DE /* EditProfile */ = {
			isa = PBXGroup;
			children = (
				A0F514B32B0BA32000F1C0DE /* Views */,
			);
			path = EditProfile;
			sourceTree = "<group>";
		};
		A0F514B32B0BA32000F1C0DE /* Views */ = {
			isa = PBXGroup;
			children = (
				A0F514B42B0BA33200F1C0DE /* EditProfileView.swift */,
			);
			path = Views;
			sourceTree = "<group>";
		};
		A0FE19E72B0AA44200D690E1 /* Model */ = {
			isa = PBXGroup;
			children = (
				A0FE19E82B0AA48400D690E1 /* ProfileThreadFilter.swift */,
			);
			path = Model;
			sourceTree = "<group>";
		};
/* End PBXGroup section */

/* Begin PBXNativeTarget section */
		A02BC91B2B06523D009588C0 /* Threads-Clone */ = {
			isa = PBXNativeTarget;
			buildConfigurationList = A02BC92A2B06523F009588C0 /* Build configuration list for PBXNativeTarget "Threads-Clone" */;
			buildPhases = (
				A02BC9182B06523D009588C0 /* Sources */,
				A02BC9192B06523D009588C0 /* Frameworks */,
				A02BC91A2B06523D009588C0 /* Resources */,
			);
			buildRules = (
			);
			dependencies = (
			);
			name = "Threads-Clone";
			productName = "Threads-Clone";
			productReference = A02BC91C2B06523D009588C0 /* Threads-Clone.app */;
			productType = "com.apple.product-type.application";
		};
/* End PBXNativeTarget section */

/* Begin PBXProject section */
		A02BC9142B06523D009588C0 /* Project object */ = {
			isa = PBXProject;
			attributes = {
				BuildIndependentTargetsInParallel = 1;
				LastSwiftUpdateCheck = 1500;
				LastUpgradeCheck = 1500;
				TargetAttributes = {
					A02BC91B2B06523D009588C0 = {
						CreatedOnToolsVersion = 15.0;
					};
				};
			};
			buildConfigurationList = A02BC9172B06523D009588C0 /* Build configuration list for PBXProject "Threads-Clone" */;
			compatibilityVersion = "Xcode 14.0";
			developmentRegion = en;
			hasScannedForEncodings = 0;
			knownRegions = (
				en,
				Base,
			);
			mainGroup = A02BC9132B06523D009588C0;
			productRefGroup = A02BC91D2B06523D009588C0 /* Products */;
			projectDirPath = "";
			projectRoot = "";
			targets = (
				A02BC91B2B06523D009588C0 /* Threads-Clone */,
			);
		};
/* End PBXProject section */

/* Begin PBXResourcesBuildPhase section */
		A02BC91A2B06523D009588C0 /* Resources */ = {
			isa = PBXResourcesBuildPhase;
			buildActionMask = 2147483647;
			files = (
				A02BC9272B06523F009588C0 /* Preview Assets.xcassets in Resources */,
				A02BC9242B06523F009588C0 /* Assets.xcassets in Resources */,
			);
			runOnlyForDeploymentPostprocessing = 0;
		};
/* End PBXResourcesBuildPhase section */

/* Begin PBXSourcesBuildPhase section */
		A02BC9182B06523D009588C0 /* Sources */ = {
			isa = PBXSourcesBuildPhase;
			buildActionMask = 2147483647;
			files = (
				A02BC9532B068DAD009588C0 /* ActivityView.swift in Sources */,
				A0F514B52B0BA33200F1C0DE /* EditProfileView.swift in Sources */,
				A02BC9472B068B3E009588C0 /* FeedView.swift in Sources */,
				A02BC94F2B068D80009588C0 /* NewThreadView.swift in Sources */,
				A0FE19E92B0AA48400D690E1 /* ProfileThreadFilter.swift in Sources */,
				A02BC9402B067699009588C0 /* ButtonModifier.swift in Sources */,
				A02BC9392B0655F9009588C0 /* LoginView.swift in Sources */,
				A03DC4B02B06B94B00C2E069 /* ThreadCellView.swift in Sources */,
				A02BC93E2B0663AD009588C0 /* TextFieldModifier.swift in Sources */,
				A02BC9222B06523D009588C0 /* ContentView.swift in Sources */,
				A03DC4B32B06CB0800C2E069 /* CircularUserProfileView.swift in Sources */,
				A02BC9572B068E16009588C0 /* UserProfileView.swift in Sources */,
				A02BC9432B067BC6009588C0 /* ThreadsTabView.swift in Sources */,
				A02BC9202B06523D009588C0 /* Threads_CloneApp.swift in Sources */,
				A02BC94B2B068D3E009588C0 /* ExploreView.swift in Sources */,
				A03DC4B52B06CB8000C2E069 /* UserCellView.swift in Sources */,
				A02BC93B2B065F3C009588C0 /* RegistrationView.swift in Sources */,
			);
			runOnlyForDeploymentPostprocessing = 0;
		};
/* End PBXSourcesBuildPhase section */

/* Begin XCBuildConfiguration section */
		A02BC9282B06523F009588C0 /* Debug */ = {
			isa = XCBuildConfiguration;
			buildSettings = {
				ALWAYS_SEARCH_USER_PATHS = NO;
				ASSETCATALOG_COMPILER_GENERATE_SWIFT_ASSET_SYMBOL_EXTENSIONS = YES;
				CLANG_ANALYZER_NONNULL = YES;
				CLANG_ANALYZER_NUMBER_OBJECT_CONVERSION = YES_AGGRESSIVE;
				CLANG_CXX_LANGUAGE_STANDARD = "gnu++20";
				CLANG_ENABLE_MODULES = YES;
				CLANG_ENABLE_OBJC_ARC = YES;
				CLANG_ENABLE_OBJC_WEAK = YES;
				CLANG_WARN_BLOCK_CAPTURE_AUTORELEASING = YES;
				CLANG_WARN_BOOL_CONVERSION = YES;
				CLANG_WARN_COMMA = YES;
				CLANG_WARN_CONSTANT_CONVERSION = YES;
				CLANG_WARN_DEPRECATED_OBJC_IMPLEMENTATIONS = YES;
				CLANG_WARN_DIRECT_OBJC_ISA_USAGE = YES_ERROR;
				CLANG_WARN_DOCUMENTATION_COMMENTS = YES;
				CLANG_WARN_EMPTY_BODY = YES;
				CLANG_WARN_ENUM_CONVERSION = YES;
				CLANG_WARN_INFINITE_RECURSION = YES;
				CLANG_WARN_INT_CONVERSION = YES;
				CLANG_WARN_NON_LITERAL_NULL_CONVERSION = YES;
				CLANG_WARN_OBJC_IMPLICIT_RETAIN_SELF = YES;
				CLANG_WARN_OBJC_LITERAL_CONVERSION = YES;
				CLANG_WARN_OBJC_ROOT_CLASS = YES_ERROR;
				CLANG_WARN_QUOTED_INCLUDE_IN_FRAMEWORK_HEADER = YES;
				CLANG_WARN_RANGE_LOOP_ANALYSIS = YES;
				CLANG_WARN_STRICT_PROTOTYPES = YES;
				CLANG_WARN_SUSPICIOUS_MOVE = YES;
				CLANG_WARN_UNGUARDED_AVAILABILITY = YES_AGGRESSIVE;
				CLANG_WARN_UNREACHABLE_CODE = YES;
				CLANG_WARN__DUPLICATE_METHOD_MATCH = YES;
				COPY_PHASE_STRIP = NO;
				DEBUG_INFORMATION_FORMAT = dwarf;
				ENABLE_STRICT_OBJC_MSGSEND = YES;
				ENABLE_TESTABILITY = YES;
				ENABLE_USER_SCRIPT_SANDBOXING = YES;
				GCC_C_LANGUAGE_STANDARD = gnu17;
				GCC_DYNAMIC_NO_PIC = NO;
				GCC_NO_COMMON_BLOCKS = YES;
				GCC_OPTIMIZATION_LEVEL = 0;
				GCC_PREPROCESSOR_DEFINITIONS = (
					"DEBUG=1",
					"$(inherited)",
				);
				GCC_WARN_64_TO_32_BIT_CONVERSION = YES;
				GCC_WARN_ABOUT_RETURN_TYPE = YES_ERROR;
				GCC_WARN_UNDECLARED_SELECTOR = YES;
				GCC_WARN_UNINITIALIZED_AUTOS = YES_AGGRESSIVE;
				GCC_WARN_UNUSED_FUNCTION = YES;
				GCC_WARN_UNUSED_VARIABLE = YES;
				IPHONEOS_DEPLOYMENT_TARGET = 17.0;
				LOCALIZATION_PREFERS_STRING_CATALOGS = YES;
				MTL_ENABLE_DEBUG_INFO = INCLUDE_SOURCE;
				MTL_FAST_MATH = YES;
				ONLY_ACTIVE_ARCH = YES;
				SDKROOT = iphoneos;
				SWIFT_ACTIVE_COMPILATION_CONDITIONS = "DEBUG $(inherited)";
				SWIFT_OPTIMIZATION_LEVEL = "-Onone";
			};
			name = Debug;
		};
		A02BC9292B06523F009588C0 /* Release */ = {
			isa = XCBuildConfiguration;
			buildSettings = {
				ALWAYS_SEARCH_USER_PATHS = NO;
				ASSETCATALOG_COMPILER_GENERATE_SWIFT_ASSET_SYMBOL_EXTENSIONS = YES;
				CLANG_ANALYZER_NONNULL = YES;
				CLANG_ANALYZER_NUMBER_OBJECT_CONVERSION = YES_AGGRESSIVE;
				CLANG_CXX_LANGUAGE_STANDARD = "gnu++20";
				CLANG_ENABLE_MODULES = YES;
				CLANG_ENABLE_OBJC_ARC = YES;
				CLANG_ENABLE_OBJC_WEAK = YES;
				CLANG_WARN_BLOCK_CAPTURE_AUTORELEASING = YES;
				CLANG_WARN_BOOL_CONVERSION = YES;
				CLANG_WARN_COMMA = YES;
				CLANG_WARN_CONSTANT_CONVERSION = YES;
				CLANG_WARN_DEPRECATED_OBJC_IMPLEMENTATIONS = YES;
				CLANG_WARN_DIRECT_OBJC_ISA_USAGE = YES_ERROR;
				CLANG_WARN_DOCUMENTATION_COMMENTS = YES;
				CLANG_WARN_EMPTY_BODY = YES;
				CLANG_WARN_ENUM_CONVERSION = YES;
				CLANG_WARN_INFINITE_RECURSION = YES;
				CLANG_WARN_INT_CONVERSION = YES;
				CLANG_WARN_NON_LITERAL_NULL_CONVERSION = YES;
				CLANG_WARN_OBJC_IMPLICIT_RETAIN_SELF = YES;
				CLANG_WARN_OBJC_LITERAL_CONVERSION = YES;
				CLANG_WARN_OBJC_ROOT_CLASS = YES_ERROR;
				CLANG_WARN_QUOTED_INCLUDE_IN_FRAMEWORK_HEADER = YES;
				CLANG_WARN_RANGE_LOOP_ANALYSIS = YES;
				CLANG_WARN_STRICT_PROTOTYPES = YES;
				CLANG_WARN_SUSPICIOUS_MOVE = YES;
				CLANG_WARN_UNGUARDED_AVAILABILITY = YES_AGGRESSIVE;
				CLANG_WARN_UNREACHABLE_CODE = YES;
				CLANG_WARN__DUPLICATE_METHOD_MATCH = YES;
				COPY_PHASE_STRIP = NO;
				DEBUG_INFORMATION_FORMAT = "dwarf-with-dsym";
				ENABLE_NS_ASSERTIONS = NO;
				ENABLE_STRICT_OBJC_MSGSEND = YES;
				ENABLE_USER_SCRIPT_SANDBOXING = YES;
				GCC_C_LANGUAGE_STANDARD = gnu17;
				GCC_NO_COMMON_BLOCKS = YES;
				GCC_WARN_64_TO_32_BIT_CONVERSION = YES;
				GCC_WARN_ABOUT_RETURN_TYPE = YES_ERROR;
				GCC_WARN_UNDECLARED_SELECTOR = YES;
				GCC_WARN_UNINITIALIZED_AUTOS = YES_AGGRESSIVE;
				GCC_WARN_UNUSED_FUNCTION = YES;
				GCC_WARN_UNUSED_VARIABLE = YES;
				IPHONEOS_DEPLOYMENT_TARGET = 17.0;
				LOCALIZATION_PREFERS_STRING_CATALOGS = YES;
				MTL_ENABLE_DEBUG_INFO = NO;
				MTL_FAST_MATH = YES;
				SDKROOT = iphoneos;
				SWIFT_COMPILATION_MODE = wholemodule;
				VALIDATE_PRODUCT = YES;
			};
			name = Release;
		};
		A02BC92B2B06523F009588C0 /* Debug */ = {
			isa = XCBuildConfiguration;
			buildSettings = {
				ASSETCATALOG_COMPILER_APPICON_NAME = AppIcon;
				ASSETCATALOG_COMPILER_GLOBAL_ACCENT_COLOR_NAME = AccentColor;
				CODE_SIGN_STYLE = Automatic;
				CURRENT_PROJECT_VERSION = 1;
				DEVELOPMENT_ASSET_PATHS = "\"Threads-Clone/Preview Content\"";
				DEVELOPMENT_TEAM = V67TX5W95C;
				ENABLE_PREVIEWS = YES;
				GENERATE_INFOPLIST_FILE = YES;
				INFOPLIST_KEY_UIApplicationSceneManifest_Generation = YES;
				INFOPLIST_KEY_UIApplicationSupportsIndirectInputEvents = YES;
				INFOPLIST_KEY_UILaunchScreen_Generation = YES;
				INFOPLIST_KEY_UISupportedInterfaceOrientations_iPad = "UIInterfaceOrientationPortrait UIInterfaceOrientationPortraitUpsideDown UIInterfaceOrientationLandscapeLeft UIInterfaceOrientationLandscapeRight";
				INFOPLIST_KEY_UISupportedInterfaceOrientations_iPhone = "UIInterfaceOrientationPortrait UIInterfaceOrientationLandscapeLeft UIInterfaceOrientationLandscapeRight";
				LD_RUNPATH_SEARCH_PATHS = (
					"$(inherited)",
					"@executable_path/Frameworks",
				);
				MARKETING_VERSION = 1.0;
				PRODUCT_BUNDLE_IDENTIFIER = "piwien.Threads-Clone";
				PRODUCT_NAME = "$(TARGET_NAME)";
				SWIFT_EMIT_LOC_STRINGS = YES;
				SWIFT_VERSION = 5.0;
				TARGETED_DEVICE_FAMILY = "1,2";
			};
			name = Debug;
		};
		A02BC92C2B06523F009588C0 /* Release */ = {
			isa = XCBuildConfiguration;
			buildSettings = {
				ASSETCATALOG_COMPILER_APPICON_NAME = AppIcon;
				ASSETCATALOG_COMPILER_GLOBAL_ACCENT_COLOR_NAME = AccentColor;
				CODE_SIGN_STYLE = Automatic;
				CURRENT_PROJECT_VERSION = 1;
				DEVELOPMENT_ASSET_PATHS = "\"Threads-Clone/Preview Content\"";
				DEVELOPMENT_TEAM = V67TX5W95C;
				ENABLE_PREVIEWS = YES;
				GENERATE_INFOPLIST_FILE = YES;
				INFOPLIST_KEY_UIApplicationSceneManifest_Generation = YES;
				INFOPLIST_KEY_UIApplicationSupportsIndirectInputEvents = YES;
				INFOPLIST_KEY_UILaunchScreen_Generation = YES;
				INFOPLIST_KEY_UISupportedInterfaceOrientations_iPad = "UIInterfaceOrientationPortrait UIInterfaceOrientationPortraitUpsideDown UIInterfaceOrientationLandscapeLeft UIInterfaceOrientationLandscapeRight";
				INFOPLIST_KEY_UISupportedInterfaceOrientations_iPhone = "UIInterfaceOrientationPortrait UIInterfaceOrientationLandscapeLeft UIInterfaceOrientationLandscapeRight";
				LD_RUNPATH_SEARCH_PATHS = (
					"$(inherited)",
					"@executable_path/Frameworks",
				);
				MARKETING_VERSION = 1.0;
				PRODUCT_BUNDLE_IDENTIFIER = "piwien.Threads-Clone";
				PRODUCT_NAME = "$(TARGET_NAME)";
				SWIFT_EMIT_LOC_STRINGS = YES;
				SWIFT_VERSION = 5.0;
				TARGETED_DEVICE_FAMILY = "1,2";
			};
			name = Release;
		};
/* End XCBuildConfiguration section */

/* Begin XCConfigurationList section */
		A02BC9172B06523D009588C0 /* Build configuration list for PBXProject "Threads-Clone" */ = {
			isa = XCConfigurationList;
			buildConfigurations = (
				A02BC9282B06523F009588C0 /* Debug */,
				A02BC9292B06523F009588C0 /* Release */,
			);
			defaultConfigurationIsVisible = 0;
			defaultConfigurationName = Release;
		};
		A02BC92A2B06523F009588C0 /* Build configuration list for PBXNativeTarget "Threads-Clone" */ = {
			isa = XCConfigurationList;
			buildConfigurations = (
				A02BC92B2B06523F009588C0 /* Debug */,
				A02BC92C2B06523F009588C0 /* Release */,
			);
			defaultConfigurationIsVisible = 0;
			defaultConfigurationName = Release;
		};
/* End XCConfigurationList section */
	};
	rootObject = A02BC9142B06523D009588C0 /* Project object */;
}
